// !$*UTF8*$!
{
	archiveVersion = 1;
	classes = {
	};
	objectVersion = 46;
	objects = {

/* Begin PBXBuildFile section */
		44AF2FCC2107250A0066AE20 /* Legacy.framework in Frameworks */ = {isa = PBXBuildFile; fileRef = 44AF2FCB2107250A0066AE20 /* Legacy.framework */; };
		44AF2FCD2107250A0066AE20 /* Legacy.framework in Embed Frameworks */ = {isa = PBXBuildFile; fileRef = 44AF2FCB2107250A0066AE20 /* Legacy.framework */; settings = {ATTRIBUTES = (CodeSignOnCopy, RemoveHeadersOnCopy, ); }; };
		44EDDE021EAE0F06003948BD /* AppDelegate.swift in Sources */ = {isa = PBXBuildFile; fileRef = 44EDDE011EAE0F06003948BD /* AppDelegate.swift */; };
		B2FA80DE15806BC4A658DD6F /* 06-vladimir-kudinov-92149-unsplash.jpg in Resources */ = {isa = PBXBuildFile; fileRef = B2FA8A5CD9FE82315814707B /* 06-vladimir-kudinov-92149-unsplash.jpg */; };
		B2FA80E57845BE9DA0FED411 /* FeedKindLightTransformer.swift in Sources */ = {isa = PBXBuildFile; fileRef = B2FA81F4FEE62994C8C94769 /* FeedKindLightTransformer.swift */; };
		B2FA8144D4C67BEFB867B1E0 /* FeedSubscriptionLightTransformer.swift in Sources */ = {isa = PBXBuildFile; fileRef = B2FA89FD8DF20967266E488E /* FeedSubscriptionLightTransformer.swift */; };
		B2FA816109D4C256228FD988 /* FeedFlow.swift in Sources */ = {isa = PBXBuildFile; fileRef = B2FA8E12EB941A6A05E948C1 /* FeedFlow.swift */; };
		B2FA8178B229B8CD754F6AF9 /* 10-muhammad-wahyu-nur-pratama-189040-unsplash.jpg in Resources */ = {isa = PBXBuildFile; fileRef = B2FA888397A75F59ED43F786 /* 10-muhammad-wahyu-nur-pratama-189040-unsplash.jpg */; };
		B2FA82586671E2200CCD2CBE /* 13-dan-gold-497434-unsplash.jpg in Resources */ = {isa = PBXBuildFile; fileRef = B2FA845F7340F8657EE05EA5 /* 13-dan-gold-497434-unsplash.jpg */; };
		B2FA8268DD97D9DF41818BD8 /* 04-jaron-nix-643585-unsplash.jpg in Resources */ = {isa = PBXBuildFile; fileRef = B2FA8BF19613D28EE2B9B8F6 /* 04-jaron-nix-643585-unsplash.jpg */; };
		B2FA829AEC78AE2AEC773820 /* 08-artem-bali-565223-unsplash.jpg in Resources */ = {isa = PBXBuildFile; fileRef = B2FA847CE291296CC3F1AE27 /* 08-artem-bali-565223-unsplash.jpg */; };
		B2FA82C6263DDDA891B4416C /* 20-ryoji-iwata-669965-unsplash.jpg in Resources */ = {isa = PBXBuildFile; fileRef = B2FA8BBFF4466A800457B6EF /* 20-ryoji-iwata-669965-unsplash.jpg */; };
		B2FA83002DF11E0F9A3E92FF /* FeedTransformer.swift in Sources */ = {isa = PBXBuildFile; fileRef = B2FA8C48B459389546352F64 /* FeedTransformer.swift */; };
		B2FA8492154233EDF9ACDE20 /* RestImagesService.swift in Sources */ = {isa = PBXBuildFile; fileRef = B2FA881FB0E0D43C4BCADBA1 /* RestImagesService.swift */; };
		B2FA84BD2EB003A65CD20D2C /* 02-shane-rounce-384233-unsplash.jpg in Resources */ = {isa = PBXBuildFile; fileRef = B2FA8376D6F0EDC3E11A22C1 /* 02-shane-rounce-384233-unsplash.jpg */; };
		B2FA84EC6946C8082D8BC448 /* 19-patrick-perkins-342329-unsplash.jpg in Resources */ = {isa = PBXBuildFile; fileRef = B2FA878FD52B049D92C7224E /* 19-patrick-perkins-342329-unsplash.jpg */; };
		B2FA856E00306357E65F1984 /* 11-fancycrave-417113-unsplash.jpg in Resources */ = {isa = PBXBuildFile; fileRef = B2FA883899A9EC0D9C1C7595 /* 11-fancycrave-417113-unsplash.jpg */; };
		B2FA8583D7D2281BD7730EDA /* ImageCell.swift in Sources */ = {isa = PBXBuildFile; fileRef = B2FA866053568C63FCF6F9B4 /* ImageCell.swift */; };
		B2FA861F95E4886123F88EE4 /* LaunchScreen.storyboard in Resources */ = {isa = PBXBuildFile; fileRef = B2FA82D2AAB7CB42665C4ABE /* LaunchScreen.storyboard */; };
		B2FA862F20BD4EA12A9D077C /* Feed.swift in Sources */ = {isa = PBXBuildFile; fileRef = B2FA835700C9E58AE78EA11A /* Feed.swift */; };
		B2FA869DBF1D329B8275432D /* 15-drew-beamer-457831-unsplash.jpg in Resources */ = {isa = PBXBuildFile; fileRef = B2FA8DB470CA94503CA262CD /* 15-drew-beamer-457831-unsplash.jpg */; };
		B2FA86A6AFAA421008796290 /* Main.storyboard in Resources */ = {isa = PBXBuildFile; fileRef = B2FA84FDF994BB607022A6DF /* Main.storyboard */; };
		B2FA8709E6694F13586C3155 /* 09-andreas-fidler-400111-unsplash.jpg in Resources */ = {isa = PBXBuildFile; fileRef = B2FA89F6593059AAD0620C5B /* 09-andreas-fidler-400111-unsplash.jpg */; };
		B2FA874809C0631AC9FE1DF3 /* 03-tim-bennett-607824-unsplash.jpg in Resources */ = {isa = PBXBuildFile; fileRef = B2FA85B2E8348D3BF363B375 /* 03-tim-bennett-607824-unsplash.jpg */; };
		B2FA880E20B65319682512D5 /* 05-dash-gualberto-34284-unsplash.jpg in Resources */ = {isa = PBXBuildFile; fileRef = B2FA8605680154127A5B9FF9 /* 05-dash-gualberto-34284-unsplash.jpg */; };
		B2FA8869C16F08CBD9F79349 /* ImagesViewController.swift in Sources */ = {isa = PBXBuildFile; fileRef = B2FA8667E20EC8D9A960CD35 /* ImagesViewController.swift */; };
		B2FA8871AB3FB59CCD345B40 /* MockConfigurator.swift in Sources */ = {isa = PBXBuildFile; fileRef = B2FA8F9922B3E06351FE7540 /* MockConfigurator.swift */; };
		B2FA88D8BB77EB1245F7D4F4 /* AppFlow.swift in Sources */ = {isa = PBXBuildFile; fileRef = B2FA87ADE43A8FA80D20ED1F /* AppFlow.swift */; };
		B2FA8952EFFA24D42608FB57 /* 16-clem-onojeghuo-631885-unsplash.jpg in Resources */ = {isa = PBXBuildFile; fileRef = B2FA8D2AB7E9C614F78275CD /* 16-clem-onojeghuo-631885-unsplash.jpg */; };
		B2FA898093BD2DD81B9D4F89 /* FeedService.swift in Sources */ = {isa = PBXBuildFile; fileRef = B2FA814E158A105ADE6265ED /* FeedService.swift */; };
		B2FA89973EB02C80A79A9870 /* AppImageLoader.swift in Sources */ = {isa = PBXBuildFile; fileRef = B2FA827658D785232E790FE6 /* AppImageLoader.swift */; };
		B2FA89EFA9949A69389A2E6D /* ProfileFlow.swift in Sources */ = {isa = PBXBuildFile; fileRef = B2FA8B562EF447B08ED4CE09 /* ProfileFlow.swift */; };
		B2FA8A393ED3B372C75C174E /* 14-siarhei-horbach-229106-unsplash.jpg in Resources */ = {isa = PBXBuildFile; fileRef = B2FA8273B1AA889A8496B541 /* 14-siarhei-horbach-229106-unsplash.jpg */; };
		B2FA8A62ACA991A9E240ECA9 /* MockImagesService.swift in Sources */ = {isa = PBXBuildFile; fileRef = B2FA89FDB3C9DE85814C8A9B /* MockImagesService.swift */; };
		B2FA8A68E714E1A19F5A9D44 /* ImagesFlow.swift in Sources */ = {isa = PBXBuildFile; fileRef = B2FA8EB4C200C85D88C88BEC /* ImagesFlow.swift */; };
		B2FA8AA4294565EFDEB8D44D /* Storage.swift in Sources */ = {isa = PBXBuildFile; fileRef = B2FA85558E2A05F84EBA0580 /* Storage.swift */; };
		B2FA8B01D8725C9F2C7BD360 /* 07-marius-ott-623692-unsplash.jpg in Resources */ = {isa = PBXBuildFile; fileRef = B2FA8FE051D74FD85545981A /* 07-marius-ott-623692-unsplash.jpg */; };
		B2FA8B54EB7EC8C598C5959D /* RestFeedService.swift in Sources */ = {isa = PBXBuildFile; fileRef = B2FA8C16BB817C036A147020 /* RestFeedService.swift */; };
		B2FA8C5670D6CBCC856D9A01 /* 01-kyle-loftus-673612-unsplash.jpg in Resources */ = {isa = PBXBuildFile; fileRef = B2FA8AAF9425240FD155DB03 /* 01-kyle-loftus-673612-unsplash.jpg */; };
		B2FA8CDF7480A6128CEF118C /* FeedViewController.swift in Sources */ = {isa = PBXBuildFile; fileRef = B2FA8D936A72FBC5FEE4DB69 /* FeedViewController.swift */; };
		B2FA8CF69B9BCA9C09407623 /* 18-joao-silas-636979-unsplash.jpg in Resources */ = {isa = PBXBuildFile; fileRef = B2FA8B621671C632269C7528 /* 18-joao-silas-636979-unsplash.jpg */; };
		B2FA8D15E467316F16075ED9 /* Dependencies.swift in Sources */ = {isa = PBXBuildFile; fileRef = B2FA85DEA88CBB9441946CCF /* Dependencies.swift */; };
		B2FA8D1836EF440A211FBEBD /* FeedKindTransformer.swift in Sources */ = {isa = PBXBuildFile; fileRef = B2FA8773D5C40988B58775BF /* FeedKindTransformer.swift */; };
		B2FA8D2E7C590AF4FE2708DF /* TabBarController.swift in Sources */ = {isa = PBXBuildFile; fileRef = B2FA85E90588764B248F13AD /* TabBarController.swift */; };
		B2FA8D343F7FCB76BCB75C1F /* 17-milkovi-644010-unsplash.jpg in Resources */ = {isa = PBXBuildFile; fileRef = B2FA89FB47422699EA8F5255 /* 17-milkovi-644010-unsplash.jpg */; };
		B2FA8D55E8395C328A810532 /* RestConfigurator.swift in Sources */ = {isa = PBXBuildFile; fileRef = B2FA8EB41C0D1F48107F1963 /* RestConfigurator.swift */; };
		B2FA8E326BE3BF7A871C49D5 /* FeedSubscriptionTransformer.swift in Sources */ = {isa = PBXBuildFile; fileRef = B2FA870E75265BD81CC7B083 /* FeedSubscriptionTransformer.swift */; };
		B2FA8E52A6E33FE3E3731884 /* ProfileViewController.swift in Sources */ = {isa = PBXBuildFile; fileRef = B2FA8C90CBF469E86FD1F436 /* ProfileViewController.swift */; };
		B2FA8E6F55980B8E460E8A9F /* Configurator.swift in Sources */ = {isa = PBXBuildFile; fileRef = B2FA8F556B8B9183D0BE2EBF /* Configurator.swift */; };
		B2FA8EEE1E35B2764A7EDE14 /* ImagesService.swift in Sources */ = {isa = PBXBuildFile; fileRef = B2FA80FB1A2A41CB21F9B2FA /* ImagesService.swift */; };
		B2FA8EF38DCEAC60EE05D875 /* FeedLightTransformer.swift in Sources */ = {isa = PBXBuildFile; fileRef = B2FA84119D85526179D5E6CD /* FeedLightTransformer.swift */; };
		B2FA8FCB785AEE8D838DDF1F /* MockFeedService.swift in Sources */ = {isa = PBXBuildFile; fileRef = B2FA88E0993B2841F1111042 /* MockFeedService.swift */; };
		B2FA8FD7F3EB3A0764713A6D /* 12-fancycrave-458019-unsplash.jpg in Resources */ = {isa = PBXBuildFile; fileRef = B2FA8B48160C6EBE8ABF8F5E /* 12-fancycrave-458019-unsplash.jpg */; };
		B2FA8FE08A340843EC1F8C12 /* Assets.xcassets in Resources */ = {isa = PBXBuildFile; fileRef = B2FA8A203E7A8D44F7890FD4 /* Assets.xcassets */; };
/* End PBXBuildFile section */

/* Begin PBXCopyFilesBuildPhase section */
		44AF2FCE2107250A0066AE20 /* Embed Frameworks */ = {
			isa = PBXCopyFilesBuildPhase;
			buildActionMask = 2147483647;
			dstPath = "";
			dstSubfolderSpec = 10;
			files = (
				44AF2FCD2107250A0066AE20 /* Legacy.framework in Embed Frameworks */,
			);
			name = "Embed Frameworks";
			runOnlyForDeploymentPostprocessing = 0;
		};
/* End PBXCopyFilesBuildPhase section */

/* Begin PBXFileReference section */
		44AF2FCB2107250A0066AE20 /* Legacy.framework */ = {isa = PBXFileReference; explicitFileType = wrapper.framework; path = Legacy.framework; sourceTree = BUILT_PRODUCTS_DIR; };
		44EDDDFE1EAE0F06003948BD /* Example-iOS.app */ = {isa = PBXFileReference; explicitFileType = wrapper.application; includeInIndex = 0; path = "Example-iOS.app"; sourceTree = BUILT_PRODUCTS_DIR; };
		44EDDE011EAE0F06003948BD /* AppDelegate.swift */ = {isa = PBXFileReference; lastKnownFileType = sourcecode.swift; path = AppDelegate.swift; sourceTree = "<group>"; };
		B2FA80FB1A2A41CB21F9B2FA /* ImagesService.swift */ = {isa = PBXFileReference; fileEncoding = 4; lastKnownFileType = sourcecode.swift; path = ImagesService.swift; sourceTree = "<group>"; };
		B2FA814E158A105ADE6265ED /* FeedService.swift */ = {isa = PBXFileReference; fileEncoding = 4; lastKnownFileType = sourcecode.swift; path = FeedService.swift; sourceTree = "<group>"; };
		B2FA81F4FEE62994C8C94769 /* FeedKindLightTransformer.swift */ = {isa = PBXFileReference; fileEncoding = 4; lastKnownFileType = sourcecode.swift; path = FeedKindLightTransformer.swift; sourceTree = "<group>"; };
		B2FA8273B1AA889A8496B541 /* 14-siarhei-horbach-229106-unsplash.jpg */ = {isa = PBXFileReference; lastKnownFileType = image.jpeg; path = "14-siarhei-horbach-229106-unsplash.jpg"; sourceTree = "<group>"; };
		B2FA827658D785232E790FE6 /* AppImageLoader.swift */ = {isa = PBXFileReference; fileEncoding = 4; lastKnownFileType = sourcecode.swift; path = AppImageLoader.swift; sourceTree = "<group>"; };
		B2FA835700C9E58AE78EA11A /* Feed.swift */ = {isa = PBXFileReference; fileEncoding = 4; lastKnownFileType = sourcecode.swift; path = Feed.swift; sourceTree = "<group>"; };
		B2FA8376D6F0EDC3E11A22C1 /* 02-shane-rounce-384233-unsplash.jpg */ = {isa = PBXFileReference; lastKnownFileType = image.jpeg; path = "02-shane-rounce-384233-unsplash.jpg"; sourceTree = "<group>"; };
		B2FA84119D85526179D5E6CD /* FeedLightTransformer.swift */ = {isa = PBXFileReference; fileEncoding = 4; lastKnownFileType = sourcecode.swift; path = FeedLightTransformer.swift; sourceTree = "<group>"; };
		B2FA845F7340F8657EE05EA5 /* 13-dan-gold-497434-unsplash.jpg */ = {isa = PBXFileReference; lastKnownFileType = image.jpeg; path = "13-dan-gold-497434-unsplash.jpg"; sourceTree = "<group>"; };
		B2FA847CE291296CC3F1AE27 /* 08-artem-bali-565223-unsplash.jpg */ = {isa = PBXFileReference; lastKnownFileType = image.jpeg; path = "08-artem-bali-565223-unsplash.jpg"; sourceTree = "<group>"; };
		B2FA85558E2A05F84EBA0580 /* Storage.swift */ = {isa = PBXFileReference; fileEncoding = 4; lastKnownFileType = sourcecode.swift; path = Storage.swift; sourceTree = "<group>"; };
		B2FA85B2E8348D3BF363B375 /* 03-tim-bennett-607824-unsplash.jpg */ = {isa = PBXFileReference; lastKnownFileType = image.jpeg; path = "03-tim-bennett-607824-unsplash.jpg"; sourceTree = "<group>"; };
		B2FA85DEA88CBB9441946CCF /* Dependencies.swift */ = {isa = PBXFileReference; fileEncoding = 4; lastKnownFileType = sourcecode.swift; path = Dependencies.swift; sourceTree = "<group>"; };
		B2FA85E90588764B248F13AD /* TabBarController.swift */ = {isa = PBXFileReference; fileEncoding = 4; lastKnownFileType = sourcecode.swift; path = TabBarController.swift; sourceTree = "<group>"; };
		B2FA8605680154127A5B9FF9 /* 05-dash-gualberto-34284-unsplash.jpg */ = {isa = PBXFileReference; lastKnownFileType = image.jpeg; path = "05-dash-gualberto-34284-unsplash.jpg"; sourceTree = "<group>"; };
		B2FA866053568C63FCF6F9B4 /* ImageCell.swift */ = {isa = PBXFileReference; fileEncoding = 4; lastKnownFileType = sourcecode.swift; path = ImageCell.swift; sourceTree = "<group>"; };
		B2FA8667E20EC8D9A960CD35 /* ImagesViewController.swift */ = {isa = PBXFileReference; fileEncoding = 4; lastKnownFileType = sourcecode.swift; path = ImagesViewController.swift; sourceTree = "<group>"; };
		B2FA870E75265BD81CC7B083 /* FeedSubscriptionTransformer.swift */ = {isa = PBXFileReference; fileEncoding = 4; lastKnownFileType = sourcecode.swift; path = FeedSubscriptionTransformer.swift; sourceTree = "<group>"; };
		B2FA8773D5C40988B58775BF /* FeedKindTransformer.swift */ = {isa = PBXFileReference; fileEncoding = 4; lastKnownFileType = sourcecode.swift; path = FeedKindTransformer.swift; sourceTree = "<group>"; };
		B2FA878FD52B049D92C7224E /* 19-patrick-perkins-342329-unsplash.jpg */ = {isa = PBXFileReference; lastKnownFileType = image.jpeg; path = "19-patrick-perkins-342329-unsplash.jpg"; sourceTree = "<group>"; };
		B2FA87ADE43A8FA80D20ED1F /* AppFlow.swift */ = {isa = PBXFileReference; fileEncoding = 4; lastKnownFileType = sourcecode.swift; path = AppFlow.swift; sourceTree = "<group>"; };
		B2FA881FB0E0D43C4BCADBA1 /* RestImagesService.swift */ = {isa = PBXFileReference; fileEncoding = 4; lastKnownFileType = sourcecode.swift; path = RestImagesService.swift; sourceTree = "<group>"; };
		B2FA883899A9EC0D9C1C7595 /* 11-fancycrave-417113-unsplash.jpg */ = {isa = PBXFileReference; lastKnownFileType = image.jpeg; path = "11-fancycrave-417113-unsplash.jpg"; sourceTree = "<group>"; };
		B2FA888397A75F59ED43F786 /* 10-muhammad-wahyu-nur-pratama-189040-unsplash.jpg */ = {isa = PBXFileReference; lastKnownFileType = image.jpeg; path = "10-muhammad-wahyu-nur-pratama-189040-unsplash.jpg"; sourceTree = "<group>"; };
		B2FA88E0993B2841F1111042 /* MockFeedService.swift */ = {isa = PBXFileReference; fileEncoding = 4; lastKnownFileType = sourcecode.swift; path = MockFeedService.swift; sourceTree = "<group>"; };
		B2FA89F6593059AAD0620C5B /* 09-andreas-fidler-400111-unsplash.jpg */ = {isa = PBXFileReference; lastKnownFileType = image.jpeg; path = "09-andreas-fidler-400111-unsplash.jpg"; sourceTree = "<group>"; };
		B2FA89FB47422699EA8F5255 /* 17-milkovi-644010-unsplash.jpg */ = {isa = PBXFileReference; lastKnownFileType = image.jpeg; path = "17-milkovi-644010-unsplash.jpg"; sourceTree = "<group>"; };
		B2FA89FD8DF20967266E488E /* FeedSubscriptionLightTransformer.swift */ = {isa = PBXFileReference; fileEncoding = 4; lastKnownFileType = sourcecode.swift; path = FeedSubscriptionLightTransformer.swift; sourceTree = "<group>"; };
		B2FA89FDB3C9DE85814C8A9B /* MockImagesService.swift */ = {isa = PBXFileReference; fileEncoding = 4; lastKnownFileType = sourcecode.swift; path = MockImagesService.swift; sourceTree = "<group>"; };
		B2FA8A203E7A8D44F7890FD4 /* Assets.xcassets */ = {isa = PBXFileReference; lastKnownFileType = folder.assetcatalog; path = Assets.xcassets; sourceTree = "<group>"; };
		B2FA8A49DD648E8B8C5A90B2 /* Base */ = {isa = PBXFileReference; lastKnownFileType = file.storyboard; name = Base; path = "Example-iOS/Base.lproj/LaunchScreen.storyboard"; sourceTree = SOURCE_ROOT; };
		B2FA8A5CD9FE82315814707B /* 06-vladimir-kudinov-92149-unsplash.jpg */ = {isa = PBXFileReference; lastKnownFileType = image.jpeg; path = "06-vladimir-kudinov-92149-unsplash.jpg"; sourceTree = "<group>"; };
		B2FA8AAF9425240FD155DB03 /* 01-kyle-loftus-673612-unsplash.jpg */ = {isa = PBXFileReference; lastKnownFileType = image.jpeg; path = "01-kyle-loftus-673612-unsplash.jpg"; sourceTree = "<group>"; };
		B2FA8B2C50A65D4AA98A45DA /* Info.plist */ = {isa = PBXFileReference; fileEncoding = 4; lastKnownFileType = text.plist.info; path = Info.plist; sourceTree = "<group>"; };
		B2FA8B48160C6EBE8ABF8F5E /* 12-fancycrave-458019-unsplash.jpg */ = {isa = PBXFileReference; lastKnownFileType = image.jpeg; path = "12-fancycrave-458019-unsplash.jpg"; sourceTree = "<group>"; };
		B2FA8B562EF447B08ED4CE09 /* ProfileFlow.swift */ = {isa = PBXFileReference; fileEncoding = 4; lastKnownFileType = sourcecode.swift; path = ProfileFlow.swift; sourceTree = "<group>"; };
		B2FA8B621671C632269C7528 /* 18-joao-silas-636979-unsplash.jpg */ = {isa = PBXFileReference; lastKnownFileType = image.jpeg; path = "18-joao-silas-636979-unsplash.jpg"; sourceTree = "<group>"; };
		B2FA8BBFF4466A800457B6EF /* 20-ryoji-iwata-669965-unsplash.jpg */ = {isa = PBXFileReference; lastKnownFileType = image.jpeg; path = "20-ryoji-iwata-669965-unsplash.jpg"; sourceTree = "<group>"; };
		B2FA8BF19613D28EE2B9B8F6 /* 04-jaron-nix-643585-unsplash.jpg */ = {isa = PBXFileReference; lastKnownFileType = image.jpeg; path = "04-jaron-nix-643585-unsplash.jpg"; sourceTree = "<group>"; };
		B2FA8C16BB817C036A147020 /* RestFeedService.swift */ = {isa = PBXFileReference; fileEncoding = 4; lastKnownFileType = sourcecode.swift; path = RestFeedService.swift; sourceTree = "<group>"; };
		B2FA8C48B459389546352F64 /* FeedTransformer.swift */ = {isa = PBXFileReference; fileEncoding = 4; lastKnownFileType = sourcecode.swift; path = FeedTransformer.swift; sourceTree = "<group>"; };
		B2FA8C90CBF469E86FD1F436 /* ProfileViewController.swift */ = {isa = PBXFileReference; fileEncoding = 4; lastKnownFileType = sourcecode.swift; path = ProfileViewController.swift; sourceTree = "<group>"; };
		B2FA8D2AB7E9C614F78275CD /* 16-clem-onojeghuo-631885-unsplash.jpg */ = {isa = PBXFileReference; lastKnownFileType = image.jpeg; path = "16-clem-onojeghuo-631885-unsplash.jpg"; sourceTree = "<group>"; };
		B2FA8D936A72FBC5FEE4DB69 /* FeedViewController.swift */ = {isa = PBXFileReference; fileEncoding = 4; lastKnownFileType = sourcecode.swift; path = FeedViewController.swift; sourceTree = "<group>"; };
		B2FA8DB470CA94503CA262CD /* 15-drew-beamer-457831-unsplash.jpg */ = {isa = PBXFileReference; lastKnownFileType = image.jpeg; path = "15-drew-beamer-457831-unsplash.jpg"; sourceTree = "<group>"; };
		B2FA8E12EB941A6A05E948C1 /* FeedFlow.swift */ = {isa = PBXFileReference; fileEncoding = 4; lastKnownFileType = sourcecode.swift; path = FeedFlow.swift; sourceTree = "<group>"; };
		B2FA8EB41C0D1F48107F1963 /* RestConfigurator.swift */ = {isa = PBXFileReference; fileEncoding = 4; lastKnownFileType = sourcecode.swift; path = RestConfigurator.swift; sourceTree = "<group>"; };
		B2FA8EB4C200C85D88C88BEC /* ImagesFlow.swift */ = {isa = PBXFileReference; fileEncoding = 4; lastKnownFileType = sourcecode.swift; path = ImagesFlow.swift; sourceTree = "<group>"; };
		B2FA8F556B8B9183D0BE2EBF /* Configurator.swift */ = {isa = PBXFileReference; fileEncoding = 4; lastKnownFileType = sourcecode.swift; path = Configurator.swift; sourceTree = "<group>"; };
		B2FA8F9922B3E06351FE7540 /* MockConfigurator.swift */ = {isa = PBXFileReference; fileEncoding = 4; lastKnownFileType = sourcecode.swift; path = MockConfigurator.swift; sourceTree = "<group>"; };
		B2FA8FE051D74FD85545981A /* 07-marius-ott-623692-unsplash.jpg */ = {isa = PBXFileReference; lastKnownFileType = image.jpeg; path = "07-marius-ott-623692-unsplash.jpg"; sourceTree = "<group>"; };
		B2FA8FFC380089A6BC708925 /* Base */ = {isa = PBXFileReference; lastKnownFileType = file.storyboard; name = Base; path = "Example-iOS/Base.lproj/Main.storyboard"; sourceTree = SOURCE_ROOT; };
/* End PBXFileReference section */

/* Begin PBXFrameworksBuildPhase section */
		44EDDDFB1EAE0F06003948BD /* Frameworks */ = {
			isa = PBXFrameworksBuildPhase;
			buildActionMask = 2147483647;
			files = (
				44AF2FCC2107250A0066AE20 /* Legacy.framework in Frameworks */,
			);
			runOnlyForDeploymentPostprocessing = 0;
		};
/* End PBXFrameworksBuildPhase section */

/* Begin PBXGroup section */
		44EDDDF51EAE0F06003948BD = {
			isa = PBXGroup;
			children = (
				44EDDE001EAE0F06003948BD /* Example-iOS */,
				44EDDDFF1EAE0F06003948BD /* Products */,
				44EDDE131EAE2C2B003948BD /* Frameworks */,
			);
			sourceTree = "<group>";
		};
		44EDDDFF1EAE0F06003948BD /* Products */ = {
			isa = PBXGroup;
			children = (
				44EDDDFE1EAE0F06003948BD /* Example-iOS.app */,
			);
			name = Products;
			sourceTree = "<group>";
		};
		44EDDE001EAE0F06003948BD /* Example-iOS */ = {
			isa = PBXGroup;
			children = (
				44EDDE011EAE0F06003948BD /* AppDelegate.swift */,
				B2FA8748C594B483ED46628F /* Presentation */,
				B2FA8A3C00A30BAD3A8B2ED2 /* Services */,
				B2FA8A03F25611705323B027 /* Resources */,
				B2FA8D94064AACD305C1E820 /* Generated */,
				B2FA8EF1ECE13015DF170198 /* Dependencies */,
			);
			path = "Example-iOS";
			sourceTree = "<group>";
		};
		44EDDE131EAE2C2B003948BD /* Frameworks */ = {
			isa = PBXGroup;
			children = (
				44AF2FCB2107250A0066AE20 /* Legacy.framework */,
			);
			name = Frameworks;
			sourceTree = "<group>";
		};
		B2FA80BD44E0BB1D47E0372C /* Profile */ = {
			isa = PBXGroup;
			children = (
				B2FA8C90CBF469E86FD1F436 /* ProfileViewController.swift */,
				B2FA8B562EF447B08ED4CE09 /* ProfileFlow.swift */,
			);
			path = Profile;
			sourceTree = "<group>";
		};
		B2FA84AB23DCD2CB34701B50 /* Images */ = {
			isa = PBXGroup;
			children = (
				B2FA8273B1AA889A8496B541 /* 14-siarhei-horbach-229106-unsplash.jpg */,
				B2FA8BF19613D28EE2B9B8F6 /* 04-jaron-nix-643585-unsplash.jpg */,
				B2FA878FD52B049D92C7224E /* 19-patrick-perkins-342329-unsplash.jpg */,
				B2FA883899A9EC0D9C1C7595 /* 11-fancycrave-417113-unsplash.jpg */,
				B2FA8BBFF4466A800457B6EF /* 20-ryoji-iwata-669965-unsplash.jpg */,
				B2FA847CE291296CC3F1AE27 /* 08-artem-bali-565223-unsplash.jpg */,
				B2FA888397A75F59ED43F786 /* 10-muhammad-wahyu-nur-pratama-189040-unsplash.jpg */,
				B2FA85B2E8348D3BF363B375 /* 03-tim-bennett-607824-unsplash.jpg */,
				B2FA8D2AB7E9C614F78275CD /* 16-clem-onojeghuo-631885-unsplash.jpg */,
				B2FA8FE051D74FD85545981A /* 07-marius-ott-623692-unsplash.jpg */,
				B2FA8B48160C6EBE8ABF8F5E /* 12-fancycrave-458019-unsplash.jpg */,
				B2FA8605680154127A5B9FF9 /* 05-dash-gualberto-34284-unsplash.jpg */,
				B2FA8A5CD9FE82315814707B /* 06-vladimir-kudinov-92149-unsplash.jpg */,
				B2FA8B621671C632269C7528 /* 18-joao-silas-636979-unsplash.jpg */,
				B2FA8DB470CA94503CA262CD /* 15-drew-beamer-457831-unsplash.jpg */,
				B2FA89FB47422699EA8F5255 /* 17-milkovi-644010-unsplash.jpg */,
				B2FA8376D6F0EDC3E11A22C1 /* 02-shane-rounce-384233-unsplash.jpg */,
				B2FA89F6593059AAD0620C5B /* 09-andreas-fidler-400111-unsplash.jpg */,
				B2FA8AAF9425240FD155DB03 /* 01-kyle-loftus-673612-unsplash.jpg */,
				B2FA845F7340F8657EE05EA5 /* 13-dan-gold-497434-unsplash.jpg */,
			);
			path = Images;
			sourceTree = "<group>";
		};
		B2FA8748C594B483ED46628F /* Presentation */ = {
			isa = PBXGroup;
			children = (
				B2FA84FDF994BB607022A6DF /* Main.storyboard */,
				B2FA82D2AAB7CB42665C4ABE /* LaunchScreen.storyboard */,
				B2FA87ADE43A8FA80D20ED1F /* AppFlow.swift */,
				B2FA8B839611A924D51020C6 /* Images */,
				B2FA8DB4FC6A43239F98C583 /* Feed */,
				B2FA80BD44E0BB1D47E0372C /* Profile */,
				B2FA85E90588764B248F13AD /* TabBarController.swift */,
			);
			path = Presentation;
			sourceTree = "<group>";
		};
		B2FA88D2427DD30D3F6A2D1A /* Images */ = {
			isa = PBXGroup;
			children = (
				B2FA80FB1A2A41CB21F9B2FA /* ImagesService.swift */,
				B2FA89FDB3C9DE85814C8A9B /* MockImagesService.swift */,
				B2FA881FB0E0D43C4BCADBA1 /* RestImagesService.swift */,
				B2FA827658D785232E790FE6 /* AppImageLoader.swift */,
			);
			path = Images;
			sourceTree = "<group>";
		};
		B2FA8A03F25611705323B027 /* Resources */ = {
			isa = PBXGroup;
			children = (
				B2FA8A203E7A8D44F7890FD4 /* Assets.xcassets */,
				B2FA8B2C50A65D4AA98A45DA /* Info.plist */,
				B2FA84AB23DCD2CB34701B50 /* Images */,
			);
			path = Resources;
			sourceTree = "<group>";
		};
		B2FA8A3C00A30BAD3A8B2ED2 /* Services */ = {
			isa = PBXGroup;
			children = (
				B2FA8BF3E85D8BEF65F75840 /* Feed */,
				B2FA88D2427DD30D3F6A2D1A /* Images */,
				B2FA85558E2A05F84EBA0580 /* Storage.swift */,
			);
			path = Services;
			sourceTree = "<group>";
		};
		B2FA8A96FB81649DE62E7BAB /* Models */ = {
			isa = PBXGroup;
			children = (
				B2FA835700C9E58AE78EA11A /* Feed.swift */,
			);
			path = Models;
			sourceTree = "<group>";
		};
		B2FA8B839611A924D51020C6 /* Images */ = {
			isa = PBXGroup;
			children = (
				B2FA8667E20EC8D9A960CD35 /* ImagesViewController.swift */,
				B2FA8EB4C200C85D88C88BEC /* ImagesFlow.swift */,
				B2FA866053568C63FCF6F9B4 /* ImageCell.swift */,
			);
			path = Images;
			sourceTree = "<group>";
		};
		B2FA8BF3E85D8BEF65F75840 /* Feed */ = {
			isa = PBXGroup;
			children = (
				B2FA88E0993B2841F1111042 /* MockFeedService.swift */,
				B2FA8C16BB817C036A147020 /* RestFeedService.swift */,
				B2FA814E158A105ADE6265ED /* FeedService.swift */,
				B2FA8A96FB81649DE62E7BAB /* Models */,
			);
			path = Feed;
			sourceTree = "<group>";
		};
		B2FA8D94064AACD305C1E820 /* Generated */ = {
			isa = PBXGroup;
			children = (
				B2FA8C48B459389546352F64 /* FeedTransformer.swift */,
				B2FA8773D5C40988B58775BF /* FeedKindTransformer.swift */,
				B2FA870E75265BD81CC7B083 /* FeedSubscriptionTransformer.swift */,
				B2FA81F4FEE62994C8C94769 /* FeedKindLightTransformer.swift */,
				B2FA89FD8DF20967266E488E /* FeedSubscriptionLightTransformer.swift */,
				B2FA84119D85526179D5E6CD /* FeedLightTransformer.swift */,
			);
			path = Generated;
			sourceTree = "<group>";
		};
		B2FA8DB4FC6A43239F98C583 /* Feed */ = {
			isa = PBXGroup;
			children = (
				B2FA8D936A72FBC5FEE4DB69 /* FeedViewController.swift */,
				B2FA8E12EB941A6A05E948C1 /* FeedFlow.swift */,
			);
			path = Feed;
			sourceTree = "<group>";
		};
		B2FA8EF1ECE13015DF170198 /* Dependencies */ = {
			isa = PBXGroup;
			children = (
				B2FA85DEA88CBB9441946CCF /* Dependencies.swift */,
				B2FA8EB41C0D1F48107F1963 /* RestConfigurator.swift */,
				B2FA8F556B8B9183D0BE2EBF /* Configurator.swift */,
				B2FA8F9922B3E06351FE7540 /* MockConfigurator.swift */,
			);
			path = Dependencies;
			sourceTree = "<group>";
		};
/* End PBXGroup section */

/* Begin PBXNativeTarget section */
		44EDDDFD1EAE0F06003948BD /* Example-iOS */ = {
			isa = PBXNativeTarget;
			buildConfigurationList = 44EDDE101EAE0F06003948BD /* Build configuration list for PBXNativeTarget "Example-iOS" */;
			buildPhases = (
				447952AD1EB4A1520040AF2D /* Swiftlint */,
				44EDDDFA1EAE0F06003948BD /* Sources */,
				44EDDDFB1EAE0F06003948BD /* Frameworks */,
				44EDDDFC1EAE0F06003948BD /* Resources */,
				44AF2FCE2107250A0066AE20 /* Embed Frameworks */,
			);
			buildRules = (
			);
			dependencies = (
			);
			name = "Example-iOS";
			productName = "Example-iOS";
			productReference = 44EDDDFE1EAE0F06003948BD /* Example-iOS.app */;
			productType = "com.apple.product-type.application";
		};
/* End PBXNativeTarget section */

/* Begin PBXProject section */
		44EDDDF61EAE0F06003948BD /* Project object */ = {
			isa = PBXProject;
			attributes = {
				LastSwiftUpdateCheck = 0830;
				LastUpgradeCheck = 0930;
				ORGANIZATIONNAME = "Eugene Egorov";
				TargetAttributes = {
					44EDDDFD1EAE0F06003948BD = {
						CreatedOnToolsVersion = 8.3.2;
						LastSwiftMigration = 0900;
						ProvisioningStyle = Manual;
					};
				};
			};
			buildConfigurationList = 44EDDDF91EAE0F06003948BD /* Build configuration list for PBXProject "Example-iOS" */;
			compatibilityVersion = "Xcode 3.2";
			developmentRegion = English;
			hasScannedForEncodings = 0;
			knownRegions = (
				en,
				Base,
			);
			mainGroup = 44EDDDF51EAE0F06003948BD;
			productRefGroup = 44EDDDFF1EAE0F06003948BD /* Products */;
			projectDirPath = "";
			projectRoot = "";
			targets = (
				44EDDDFD1EAE0F06003948BD /* Example-iOS */,
			);
		};
/* End PBXProject section */

/* Begin PBXResourcesBuildPhase section */
		44EDDDFC1EAE0F06003948BD /* Resources */ = {
			isa = PBXResourcesBuildPhase;
			buildActionMask = 2147483647;
			files = (
				B2FA86A6AFAA421008796290 /* Main.storyboard in Resources */,
				B2FA861F95E4886123F88EE4 /* LaunchScreen.storyboard in Resources */,
				B2FA8FE08A340843EC1F8C12 /* Assets.xcassets in Resources */,
				B2FA8A393ED3B372C75C174E /* 14-siarhei-horbach-229106-unsplash.jpg in Resources */,
				B2FA8268DD97D9DF41818BD8 /* 04-jaron-nix-643585-unsplash.jpg in Resources */,
				B2FA84EC6946C8082D8BC448 /* 19-patrick-perkins-342329-unsplash.jpg in Resources */,
				B2FA856E00306357E65F1984 /* 11-fancycrave-417113-unsplash.jpg in Resources */,
				B2FA82C6263DDDA891B4416C /* 20-ryoji-iwata-669965-unsplash.jpg in Resources */,
				B2FA829AEC78AE2AEC773820 /* 08-artem-bali-565223-unsplash.jpg in Resources */,
				B2FA8178B229B8CD754F6AF9 /* 10-muhammad-wahyu-nur-pratama-189040-unsplash.jpg in Resources */,
				B2FA874809C0631AC9FE1DF3 /* 03-tim-bennett-607824-unsplash.jpg in Resources */,
				B2FA8952EFFA24D42608FB57 /* 16-clem-onojeghuo-631885-unsplash.jpg in Resources */,
				B2FA8B01D8725C9F2C7BD360 /* 07-marius-ott-623692-unsplash.jpg in Resources */,
				B2FA8FD7F3EB3A0764713A6D /* 12-fancycrave-458019-unsplash.jpg in Resources */,
				B2FA880E20B65319682512D5 /* 05-dash-gualberto-34284-unsplash.jpg in Resources */,
				B2FA80DE15806BC4A658DD6F /* 06-vladimir-kudinov-92149-unsplash.jpg in Resources */,
				B2FA8CF69B9BCA9C09407623 /* 18-joao-silas-636979-unsplash.jpg in Resources */,
				B2FA869DBF1D329B8275432D /* 15-drew-beamer-457831-unsplash.jpg in Resources */,
				B2FA8D343F7FCB76BCB75C1F /* 17-milkovi-644010-unsplash.jpg in Resources */,
				B2FA84BD2EB003A65CD20D2C /* 02-shane-rounce-384233-unsplash.jpg in Resources */,
				B2FA8709E6694F13586C3155 /* 09-andreas-fidler-400111-unsplash.jpg in Resources */,
				B2FA8C5670D6CBCC856D9A01 /* 01-kyle-loftus-673612-unsplash.jpg in Resources */,
				B2FA82586671E2200CCD2CBE /* 13-dan-gold-497434-unsplash.jpg in Resources */,
			);
			runOnlyForDeploymentPostprocessing = 0;
		};
/* End PBXResourcesBuildPhase section */

/* Begin PBXShellScriptBuildPhase section */
		447952AD1EB4A1520040AF2D /* Swiftlint */ = {
			isa = PBXShellScriptBuildPhase;
			buildActionMask = 2147483647;
			files = (
			);
			inputPaths = (
			);
			name = Swiftlint;
			outputPaths = (
			);
			runOnlyForDeploymentPostprocessing = 0;
			shellPath = /bin/sh;
			shellScript = "if which swiftlint >/dev/null; then\n    swiftlint lint --quiet\nelse\n    echo \"warning: SwiftLint not installed, download from https://github.com/realm/SwiftLint\"\nfi";
		};
/* End PBXShellScriptBuildPhase section */

/* Begin PBXSourcesBuildPhase section */
		44EDDDFA1EAE0F06003948BD /* Sources */ = {
			isa = PBXSourcesBuildPhase;
			buildActionMask = 2147483647;
			files = (
				44EDDE021EAE0F06003948BD /* AppDelegate.swift in Sources */,
				B2FA83002DF11E0F9A3E92FF /* FeedTransformer.swift in Sources */,
				B2FA8FCB785AEE8D838DDF1F /* MockFeedService.swift in Sources */,
				B2FA8B54EB7EC8C598C5959D /* RestFeedService.swift in Sources */,
				B2FA898093BD2DD81B9D4F89 /* FeedService.swift in Sources */,
				B2FA862F20BD4EA12A9D077C /* Feed.swift in Sources */,
				B2FA8D15E467316F16075ED9 /* Dependencies.swift in Sources */,
				B2FA8D55E8395C328A810532 /* RestConfigurator.swift in Sources */,
				B2FA8E6F55980B8E460E8A9F /* Configurator.swift in Sources */,
				B2FA8871AB3FB59CCD345B40 /* MockConfigurator.swift in Sources */,
				B2FA8D1836EF440A211FBEBD /* FeedKindTransformer.swift in Sources */,
				B2FA8E326BE3BF7A871C49D5 /* FeedSubscriptionTransformer.swift in Sources */,
				B2FA80E57845BE9DA0FED411 /* FeedKindLightTransformer.swift in Sources */,
				B2FA8144D4C67BEFB867B1E0 /* FeedSubscriptionLightTransformer.swift in Sources */,
				B2FA8EF38DCEAC60EE05D875 /* FeedLightTransformer.swift in Sources */,
				B2FA88D8BB77EB1245F7D4F4 /* AppFlow.swift in Sources */,
				B2FA8869C16F08CBD9F79349 /* ImagesViewController.swift in Sources */,
				B2FA8A68E714E1A19F5A9D44 /* ImagesFlow.swift in Sources */,
				B2FA8CDF7480A6128CEF118C /* FeedViewController.swift in Sources */,
				B2FA816109D4C256228FD988 /* FeedFlow.swift in Sources */,
				B2FA8E52A6E33FE3E3731884 /* ProfileViewController.swift in Sources */,
				B2FA89EFA9949A69389A2E6D /* ProfileFlow.swift in Sources */,
				B2FA8583D7D2281BD7730EDA /* ImageCell.swift in Sources */,
				B2FA8EEE1E35B2764A7EDE14 /* ImagesService.swift in Sources */,
				B2FA8A62ACA991A9E240ECA9 /* MockImagesService.swift in Sources */,
				B2FA8492154233EDF9ACDE20 /* RestImagesService.swift in Sources */,
				B2FA8D2E7C590AF4FE2708DF /* TabBarController.swift in Sources */,
				B2FA89973EB02C80A79A9870 /* AppImageLoader.swift in Sources */,
				B2FA8AA4294565EFDEB8D44D /* Storage.swift in Sources */,
			);
			runOnlyForDeploymentPostprocessing = 0;
		};
/* End PBXSourcesBuildPhase section */

/* Begin PBXVariantGroup section */
		B2FA82D2AAB7CB42665C4ABE /* LaunchScreen.storyboard */ = {
			isa = PBXVariantGroup;
			children = (
				B2FA8A49DD648E8B8C5A90B2 /* Base */,
			);
			name = LaunchScreen.storyboard;
			sourceTree = "<group>";
		};
		B2FA84FDF994BB607022A6DF /* Main.storyboard */ = {
			isa = PBXVariantGroup;
			children = (
				B2FA8FFC380089A6BC708925 /* Base */,
			);
			name = Main.storyboard;
			sourceTree = "<group>";
		};
/* End PBXVariantGroup section */

/* Begin XCBuildConfiguration section */
		44EDDE0E1EAE0F06003948BD /* Debug */ = {
			isa = XCBuildConfiguration;
			buildSettings = {
				ALWAYS_SEARCH_USER_PATHS = NO;
				CLANG_ANALYZER_NONNULL = YES;
				CLANG_ANALYZER_NUMBER_OBJECT_CONVERSION = YES_AGGRESSIVE;
				CLANG_CXX_LANGUAGE_STANDARD = "gnu++0x";
				CLANG_CXX_LIBRARY = "libc++";
				CLANG_ENABLE_MODULES = YES;
				CLANG_ENABLE_OBJC_ARC = YES;
				CLANG_WARN_BLOCK_CAPTURE_AUTORELEASING = YES;
				CLANG_WARN_BOOL_CONVERSION = YES;
				CLANG_WARN_COMMA = YES;
				CLANG_WARN_CONSTANT_CONVERSION = YES;
				CLANG_WARN_DEPRECATED_OBJC_IMPLEMENTATIONS = YES;
				CLANG_WARN_DIRECT_OBJC_ISA_USAGE = YES_ERROR;
				CLANG_WARN_DOCUMENTATION_COMMENTS = YES;
				CLANG_WARN_EMPTY_BODY = YES;
				CLANG_WARN_ENUM_CONVERSION = YES;
				CLANG_WARN_INFINITE_RECURSION = YES;
				CLANG_WARN_INT_CONVERSION = YES;
				CLANG_WARN_NON_LITERAL_NULL_CONVERSION = YES;
				CLANG_WARN_OBJC_IMPLICIT_RETAIN_SELF = YES;
				CLANG_WARN_OBJC_LITERAL_CONVERSION = YES;
				CLANG_WARN_OBJC_ROOT_CLASS = YES_ERROR;
				CLANG_WARN_RANGE_LOOP_ANALYSIS = YES;
				CLANG_WARN_STRICT_PROTOTYPES = YES;
				CLANG_WARN_SUSPICIOUS_MOVE = YES;
				CLANG_WARN_UNREACHABLE_CODE = YES;
				CLANG_WARN__DUPLICATE_METHOD_MATCH = YES;
				"CODE_SIGN_IDENTITY[sdk=iphoneos*]" = "iPhone Developer";
				COPY_PHASE_STRIP = NO;
				DEBUG_INFORMATION_FORMAT = dwarf;
				ENABLE_STRICT_OBJC_MSGSEND = YES;
				ENABLE_TESTABILITY = YES;
				GCC_C_LANGUAGE_STANDARD = gnu99;
				GCC_DYNAMIC_NO_PIC = NO;
				GCC_NO_COMMON_BLOCKS = YES;
				GCC_OPTIMIZATION_LEVEL = 0;
				GCC_PREPROCESSOR_DEFINITIONS = (
					"DEBUG=1",
					"$(inherited)",
				);
				GCC_WARN_64_TO_32_BIT_CONVERSION = YES;
				GCC_WARN_ABOUT_RETURN_TYPE = YES_ERROR;
				GCC_WARN_UNDECLARED_SELECTOR = YES;
				GCC_WARN_UNINITIALIZED_AUTOS = YES_AGGRESSIVE;
				GCC_WARN_UNUSED_FUNCTION = YES;
				GCC_WARN_UNUSED_VARIABLE = YES;
				IPHONEOS_DEPLOYMENT_TARGET = 10.0;
				MTL_ENABLE_DEBUG_INFO = YES;
				ONLY_ACTIVE_ARCH = YES;
				SDKROOT = iphoneos;
				SWIFT_ACTIVE_COMPILATION_CONDITIONS = DEBUG;
				SWIFT_OPTIMIZATION_LEVEL = "-Onone";
			};
			name = Debug;
		};
		44EDDE0F1EAE0F06003948BD /* Release */ = {
			isa = XCBuildConfiguration;
			buildSettings = {
				ALWAYS_SEARCH_USER_PATHS = NO;
				CLANG_ANALYZER_NONNULL = YES;
				CLANG_ANALYZER_NUMBER_OBJECT_CONVERSION = YES_AGGRESSIVE;
				CLANG_CXX_LANGUAGE_STANDARD = "gnu++0x";
				CLANG_CXX_LIBRARY = "libc++";
				CLANG_ENABLE_MODULES = YES;
				CLANG_ENABLE_OBJC_ARC = YES;
				CLANG_WARN_BLOCK_CAPTURE_AUTORELEASING = YES;
				CLANG_WARN_BOOL_CONVERSION = YES;
				CLANG_WARN_COMMA = YES;
				CLANG_WARN_CONSTANT_CONVERSION = YES;
				CLANG_WARN_DEPRECATED_OBJC_IMPLEMENTATIONS = YES;
				CLANG_WARN_DIRECT_OBJC_ISA_USAGE = YES_ERROR;
				CLANG_WARN_DOCUMENTATION_COMMENTS = YES;
				CLANG_WARN_EMPTY_BODY = YES;
				CLANG_WARN_ENUM_CONVERSION = YES;
				CLANG_WARN_INFINITE_RECURSION = YES;
				CLANG_WARN_INT_CONVERSION = YES;
				CLANG_WARN_NON_LITERAL_NULL_CONVERSION = YES;
				CLANG_WARN_OBJC_IMPLICIT_RETAIN_SELF = YES;
				CLANG_WARN_OBJC_LITERAL_CONVERSION = YES;
				CLANG_WARN_OBJC_ROOT_CLASS = YES_ERROR;
				CLANG_WARN_RANGE_LOOP_ANALYSIS = YES;
				CLANG_WARN_STRICT_PROTOTYPES = YES;
				CLANG_WARN_SUSPICIOUS_MOVE = YES;
				CLANG_WARN_UNREACHABLE_CODE = YES;
				CLANG_WARN__DUPLICATE_METHOD_MATCH = YES;
				"CODE_SIGN_IDENTITY[sdk=iphoneos*]" = "iPhone Developer";
				COPY_PHASE_STRIP = NO;
				DEBUG_INFORMATION_FORMAT = "dwarf-with-dsym";
				ENABLE_NS_ASSERTIONS = NO;
				ENABLE_STRICT_OBJC_MSGSEND = YES;
				GCC_C_LANGUAGE_STANDARD = gnu99;
				GCC_NO_COMMON_BLOCKS = YES;
				GCC_WARN_64_TO_32_BIT_CONVERSION = YES;
				GCC_WARN_ABOUT_RETURN_TYPE = YES_ERROR;
				GCC_WARN_UNDECLARED_SELECTOR = YES;
				GCC_WARN_UNINITIALIZED_AUTOS = YES_AGGRESSIVE;
				GCC_WARN_UNUSED_FUNCTION = YES;
				GCC_WARN_UNUSED_VARIABLE = YES;
				IPHONEOS_DEPLOYMENT_TARGET = 10.0;
				MTL_ENABLE_DEBUG_INFO = NO;
				SDKROOT = iphoneos;
				SWIFT_OPTIMIZATION_LEVEL = "-Owholemodule";
				VALIDATE_PRODUCT = YES;
			};
			name = Release;
		};
		44EDDE111EAE0F06003948BD /* Debug */ = {
			isa = XCBuildConfiguration;
			buildSettings = {
				ASSETCATALOG_COMPILER_APPICON_NAME = AppIcon;
				DEVELOPMENT_TEAM = "";
				INFOPLIST_FILE = "Example-iOS/Resources/Info.plist";
				LD_RUNPATH_SEARCH_PATHS = "$(inherited) @executable_path/Frameworks";
				PRODUCT_BUNDLE_IDENTIFIER = "com.eugeneego.Example-iOS";
				PRODUCT_NAME = "$(TARGET_NAME)";
				PROVISIONING_PROFILE_SPECIFIER = "";
				SWIFT_VERSION = 4.0;
			};
			name = Debug;
		};
		44EDDE121EAE0F06003948BD /* Release */ = {
			isa = XCBuildConfiguration;
			buildSettings = {
				ASSETCATALOG_COMPILER_APPICON_NAME = AppIcon;
				DEVELOPMENT_TEAM = "";
				INFOPLIST_FILE = "Example-iOS/Resources/Info.plist";
				LD_RUNPATH_SEARCH_PATHS = "$(inherited) @executable_path/Frameworks";
				PRODUCT_BUNDLE_IDENTIFIER = "com.eugeneego.Example-iOS";
				PRODUCT_NAME = "$(TARGET_NAME)";
				PROVISIONING_PROFILE_SPECIFIER = "";
				SWIFT_VERSION = 4.0;
			};
			name = Release;
		};
/* End XCBuildConfiguration section */

/* Begin XCConfigurationList section */
		44EDDDF91EAE0F06003948BD /* Build configuration list for PBXProject "Example-iOS" */ = {
			isa = XCConfigurationList;
			buildConfigurations = (
				44EDDE0E1EAE0F06003948BD /* Debug */,
				44EDDE0F1EAE0F06003948BD /* Release */,
			);
			defaultConfigurationIsVisible = 0;
			defaultConfigurationName = Release;
		};
		44EDDE101EAE0F06003948BD /* Build configuration list for PBXNativeTarget "Example-iOS" */ = {
			isa = XCConfigurationList;
			buildConfigurations = (
				44EDDE111EAE0F06003948BD /* Debug */,
				44EDDE121EAE0F06003948BD /* Release */,
			);
			defaultConfigurationIsVisible = 0;
			defaultConfigurationName = Release;
		};
/* End XCConfigurationList section */
	};
	rootObject = 44EDDDF61EAE0F06003948BD /* Project object */;
}
