// !$*UTF8*$!
{
	archiveVersion = 1;
	classes = {
	};
	objectVersion = 46;
	objects = {

/* Begin PBXBuildFile section */
		2DBA1CBB96282DA5FCEB7C8B /* SimpleTaggedLogger.swift in Sources */ = {isa = PBXBuildFile; fileRef = 2DBA15D16B07F5B535041B4A /* SimpleTaggedLogger.swift */; };
		2DBA1D8CA7C6E0C769FAEDFF /* TaggedLogger.swift in Sources */ = {isa = PBXBuildFile; fileRef = 2DBA18571A6382BC05B1668F /* TaggedLogger.swift */; };
		441D90351DDF70F800B4493B /* RequestAuthorizer.swift in Sources */ = {isa = PBXBuildFile; fileRef = 441D90341DDF70F800B4493B /* RequestAuthorizer.swift */; };
		441D90371DDF716A00B4493B /* Optional+With.swift in Sources */ = {isa = PBXBuildFile; fileRef = 441D90361DDF716A00B4493B /* Optional+With.swift */; };
		447729E21D7B121200D63FE7 /* Legacy-iOS.h in Headers */ = {isa = PBXBuildFile; fileRef = 447729E11D7B121200D63FE7 /* Legacy-iOS.h */; settings = {ATTRIBUTES = (Public, ); }; };
		4483664B205E5D56000C986A /* DeviceInfoTests.swift in Sources */ = {isa = PBXBuildFile; fileRef = 4483664A205E5D56000C986A /* DeviceInfoTests.swift */; };
		4483664D205E5D56000C986A /* Legacy.framework in Frameworks */ = {isa = PBXBuildFile; fileRef = 447729DE1D7B121200D63FE7 /* Legacy.framework */; };
		44EE86011E92A4BD00E3F6AD /* DeviceInfo.swift in Sources */ = {isa = PBXBuildFile; fileRef = 44EE86001E92A4BD00E3F6AD /* DeviceInfo.swift */; };
		44EE86031E92A4DC00E3F6AD /* Result.swift in Sources */ = {isa = PBXBuildFile; fileRef = 44EE86021E92A4DC00E3F6AD /* Result.swift */; };
		B2FA802B512F23D6E6E9E582 /* ColorTransformer.swift in Sources */ = {isa = PBXBuildFile; fileRef = B2FA832A7D8E587420E22722 /* ColorTransformer.swift */; };
		B2FA80417518D90CEF83190E /* NetworkTestCase.swift in Sources */ = {isa = PBXBuildFile; fileRef = B2FA8FFA8D01E28A684145D6 /* NetworkTestCase.swift */; };
		B2FA8051D9395EC9D5884B35 /* UIImage+Prerender.swift in Sources */ = {isa = PBXBuildFile; fileRef = B2FA8D0E1B4C307E2B3DEAC9 /* UIImage+Prerender.swift */; };
		B2FA80680DD7AA43FC4299B7 /* JsonModelHttpSerializer.swift in Sources */ = {isa = PBXBuildFile; fileRef = B2FA8B11307D20C903178300 /* JsonModelHttpSerializer.swift */; };
		B2FA807ED3E6C6CAE9146CDB /* Post.swift in Sources */ = {isa = PBXBuildFile; fileRef = B2FA84DCD3075D73F5D67FD5 /* Post.swift */; };
		B2FA809E22694CDBBFBE7C70 /* DecimalLightTransformer.swift in Sources */ = {isa = PBXBuildFile; fileRef = B2FA80ED88407CC95DD21164 /* DecimalLightTransformer.swift */; };
		B2FA80AD039954C52079CC11 /* DateLightTransformer.swift in Sources */ = {isa = PBXBuildFile; fileRef = B2FA851A9B04FA4D133EA879 /* DateLightTransformer.swift */; };
		B2FA80B81FDB6BFF1D4C9B57 /* RestClient.swift in Sources */ = {isa = PBXBuildFile; fileRef = B2FA8BAD2FA91CB5CC3817D2 /* RestClient.swift */; };
		B2FA80BE99FEA726346474EF /* User.swift in Sources */ = {isa = PBXBuildFile; fileRef = B2FA8DD5ABEAA50B53F4DF26 /* User.swift */; };
		B2FA80DD943B1C1D6DA042BE /* VoidLightTransformer.swift in Sources */ = {isa = PBXBuildFile; fileRef = B2FA89A74F51868729D4A3DE /* VoidLightTransformer.swift */; };
		B2FA81ACC6E0BCA7D5AB481C /* Transformer.swift in Sources */ = {isa = PBXBuildFile; fileRef = B2FA877C4F8708E00C9D6F1B /* Transformer.swift */; };
		B2FA81C2EE735B2686E1D52F /* DecimalTransformer.swift in Sources */ = {isa = PBXBuildFile; fileRef = B2FA8F77747871C67C68EDF3 /* DecimalTransformer.swift */; };
		B2FA81E8D4447B8F612F5DF1 /* Reusable.swift in Sources */ = {isa = PBXBuildFile; fileRef = B2FA88F670994240D540032B /* Reusable.swift */; };
		B2FA820DFC803C85E1B0FB9B /* UIColor+Hex.swift in Sources */ = {isa = PBXBuildFile; fileRef = B2FA8070910A5471F1C64F29 /* UIColor+Hex.swift */; };
		B2FA8210D0C8751A449B602A /* CodableRestClient.swift in Sources */ = {isa = PBXBuildFile; fileRef = B2FA8948EA5267A724A05E3B /* CodableRestClient.swift */; };
		B2FA8214C9CDA35EC397896A /* Http.swift in Sources */ = {isa = PBXBuildFile; fileRef = B2FA84BBE47AB20628675CBD /* Http.swift */; };
		B2FA821DB00A34EF72523D21 /* EETestCase.swift in Sources */ = {isa = PBXBuildFile; fileRef = B2FA843FFDC103AEBF23E09C /* EETestCase.swift */; };
		B2FA825EE069F2E9D192DC8E /* GradientView.swift in Sources */ = {isa = PBXBuildFile; fileRef = B2FA852B1C43001C50964B88 /* GradientView.swift */; };
		B2FA8280981995DF5DE4D900 /* FilteringLogger.swift in Sources */ = {isa = PBXBuildFile; fileRef = B2FA8E16DAF6C4EA069392AA /* FilteringLogger.swift */; };
		B2FA82B06D5A9CF8C759DFC4 /* UIImage+Color.swift in Sources */ = {isa = PBXBuildFile; fileRef = B2FA803636A6075723D28CB5 /* UIImage+Color.swift */; };
		B2FA82DAF4D6767FEF442055 /* PostLightTransformer.swift in Sources */ = {isa = PBXBuildFile; fileRef = B2FA800E130A8516FAE85E11 /* PostLightTransformer.swift */; };
		B2FA831F5630309EED6CF9B9 /* DateFormatter+Format.swift in Sources */ = {isa = PBXBuildFile; fileRef = B2FA8E950FEFE2262DA05B79 /* DateFormatter+Format.swift */; };
		B2FA83CC968A2681DE9F9CE2 /* ColorLightTransformer.swift in Sources */ = {isa = PBXBuildFile; fileRef = B2FA8C8F891B8EEC67935F9A /* ColorLightTransformer.swift */; };
		B2FA840117CFD6DD677351D1 /* LoggerConfiguration.swift in Sources */ = {isa = PBXBuildFile; fileRef = B2FA8489E4C4DDA254CF5F3A /* LoggerConfiguration.swift */; };
		B2FA84383DF883404F451E8B /* Logger.swift in Sources */ = {isa = PBXBuildFile; fileRef = B2FA8FE3EB784EF09E023861 /* Logger.swift */; };
		B2FA844A0C61315760A8B100 /* ArrayTransformer.swift in Sources */ = {isa = PBXBuildFile; fileRef = B2FA8D5570D6EF73D907E6B2 /* ArrayTransformer.swift */; };
		B2FA84632C12FFBC903529C3 /* UserCompanyLightTransformer.swift in Sources */ = {isa = PBXBuildFile; fileRef = B2FA8628B95B05FB210BABF0 /* UserCompanyLightTransformer.swift */; };
		B2FA848D7E73391678C33352 /* UserAddressLightTransformer.swift in Sources */ = {isa = PBXBuildFile; fileRef = B2FA874D96896C94DD3FD899 /* UserAddressLightTransformer.swift */; };
		B2FA8491249FFBC37075348E /* ShadowView.swift in Sources */ = {isa = PBXBuildFile; fileRef = B2FA81C3C6CFE9B879F44CBF /* ShadowView.swift */; };
		B2FA849298F5E83473B6F567 /* Arithmetic.swift in Sources */ = {isa = PBXBuildFile; fileRef = B2FA8D9E17BD746E31E8C38D /* Arithmetic.swift */; };
		B2FA85562CFF64F4D74A52D5 /* EnumLightTransformer.swift in Sources */ = {isa = PBXBuildFile; fileRef = B2FA8241C5214BD0E693AFBF /* EnumLightTransformer.swift */; };
		B2FA855F1E59C64BA008037F /* Action.swift in Sources */ = {isa = PBXBuildFile; fileRef = B2FA821B587ACD8434FFAA0F /* Action.swift */; };
		B2FA857115314515DC2F1BDD /* NSLogLogger.swift in Sources */ = {isa = PBXBuildFile; fileRef = B2FA84F9B0679E131DCA216E /* NSLogLogger.swift */; };
		B2FA857740A73E82F7311C14 /* UrlLightTransformer.swift in Sources */ = {isa = PBXBuildFile; fileRef = B2FA8CD442F69CC58B692F6E /* UrlLightTransformer.swift */; };
		B2FA8579CE768C3821D524C9 /* GalleryPreviewCollectionCell.swift in Sources */ = {isa = PBXBuildFile; fileRef = B2FA8580A06E74412566C395 /* GalleryPreviewCollectionCell.swift */; };
		B2FA8591D163BDDD0FA6C746 /* CastLightTransformer.swift in Sources */ = {isa = PBXBuildFile; fileRef = B2FA81162D4B1737884BE158 /* CastLightTransformer.swift */; };
		B2FA85EA2B6961E0E6DE1D79 /* NetworkTransformerTests.swift in Sources */ = {isa = PBXBuildFile; fileRef = B2FA8C7BA23DC92203EDB8E0 /* NetworkTransformerTests.swift */; };
		B2FA8643BA7ADB62354FCD72 /* GalleryVideoView.swift in Sources */ = {isa = PBXBuildFile; fileRef = B2FA80A97914B5B85695241D /* GalleryVideoView.swift */; };
		B2FA8644795BD25290D54AF0 /* UserAddressGeoPointTransformer.swift in Sources */ = {isa = PBXBuildFile; fileRef = B2FA8FA85B91E15035E85A65 /* UserAddressGeoPointTransformer.swift */; };
		B2FA864B26CB1947F019E23F /* BaseNetworkClient.swift in Sources */ = {isa = PBXBuildFile; fileRef = B2FA89369D1C3F4AEC950146 /* BaseNetworkClient.swift */; };
		B2FA86502454995579D98F4B /* LightRestClient.swift in Sources */ = {isa = PBXBuildFile; fileRef = B2FA8F1DBE228BC4CE0DCECA /* LightRestClient.swift */; };
		B2FA868FB22061CC005F6113 /* UIStoryboard+Intstantiate.swift in Sources */ = {isa = PBXBuildFile; fileRef = B2FA8CBA874F87DB059F82B6 /* UIStoryboard+Intstantiate.swift */; };
		B2FA86C23785755F31702785 /* FullRestClient.swift in Sources */ = {isa = PBXBuildFile; fileRef = B2FA8A70AC8E484E56F4A0FC /* FullRestClient.swift */; };
		B2FA86C3B5734D06F4BC11DB /* DictionaryTransformer.swift in Sources */ = {isa = PBXBuildFile; fileRef = B2FA892E03F8A89CA27FEE9F /* DictionaryTransformer.swift */; };
		B2FA86F9A510DD223CF78A3C /* PostTransformer.swift in Sources */ = {isa = PBXBuildFile; fileRef = B2FA8C8081CA3AE76072B7CB /* PostTransformer.swift */; };
		B2FA86FD29CA06BDD0FBDE80 /* UIView+Fade.swift in Sources */ = {isa = PBXBuildFile; fileRef = B2FA873002C781AA701C4253 /* UIView+Fade.swift */; };
		B2FA87141EAB94B39806AEA4 /* NumberStringLightTransformer.swift in Sources */ = {isa = PBXBuildFile; fileRef = B2FA85586B2FCF3923C037AB /* NumberStringLightTransformer.swift */; };
		B2FA875B3DC4B7E32A882A4C /* SimpleSubscription.swift in Sources */ = {isa = PBXBuildFile; fileRef = B2FA8909F5DDE13AF54FEBB3 /* SimpleSubscription.swift */; };
		B2FA877EA780BF6E43FF4498 /* UserLightTransformer.swift in Sources */ = {isa = PBXBuildFile; fileRef = B2FA87C1FF4033D603F217FC /* UserLightTransformer.swift */; };
		B2FA8782A928BC5ED06A1BF4 /* DependencyInjectionContainer.swift in Sources */ = {isa = PBXBuildFile; fileRef = B2FA858A3D77F6B7C5DBB895 /* DependencyInjectionContainer.swift */; };
		B2FA87C9B577EA8A1C2932C2 /* UIView+Nib.swift in Sources */ = {isa = PBXBuildFile; fileRef = B2FA81EADC34644BE80F3DC4 /* UIView+Nib.swift */; };
		B2FA87D5D15BA964ED6C3375 /* GalleryItemViewController.swift in Sources */ = {isa = PBXBuildFile; fileRef = B2FA8CFC418C8272AD882046 /* GalleryItemViewController.swift */; };
		B2FA87F3F19972FA40192A07 /* UrlTransformer.swift in Sources */ = {isa = PBXBuildFile; fileRef = B2FA899C6D092E41EB22D2C8 /* UrlTransformer.swift */; };
		B2FA881C68BD2185A05106F2 /* Easing.swift in Sources */ = {isa = PBXBuildFile; fileRef = B2FA87F9B5E313F53D90ABCA /* Easing.swift */; };
		B2FA885BC0E75AC463949E70 /* HttpImageLoader.swift in Sources */ = {isa = PBXBuildFile; fileRef = B2FA8E3E7D9481DB8601D32A /* HttpImageLoader.swift */; };
		B2FA887D64DD88DFEC03AA0A /* ZoomTransition.swift in Sources */ = {isa = PBXBuildFile; fileRef = B2FA8B4CC7F989C0196CA4B6 /* ZoomTransition.swift */; };
		B2FA887F0A2B1C668680614A /* ZoomTransitionController.swift in Sources */ = {isa = PBXBuildFile; fileRef = B2FA82053D78B81A16709252 /* ZoomTransitionController.swift */; };
		B2FA888D573D6DE264B6A1B9 /* GalleryMedia.swift in Sources */ = {isa = PBXBuildFile; fileRef = B2FA89A6C7B0C66FA91C0A3C /* GalleryMedia.swift */; };
		B2FA88AF5BBF3EB361C70D03 /* BaseRestClient.swift in Sources */ = {isa = PBXBuildFile; fileRef = B2FA8E388D31A7F4BAE25FE8 /* BaseRestClient.swift */; };
		B2FA88BAEAE03162B87FADE4 /* JsonHttpSerializer.swift in Sources */ = {isa = PBXBuildFile; fileRef = B2FA89997C8960D3CDBFF0BA /* JsonHttpSerializer.swift */; };
		B2FA88C76428FDAC1DD7D2B1 /* GalleryLightVideoViewController.swift in Sources */ = {isa = PBXBuildFile; fileRef = B2FA82507578C9F784D56C78 /* GalleryLightVideoViewController.swift */; };
		B2FA88CA1655CBD56B1B408D /* GalleryImageViewController.swift in Sources */ = {isa = PBXBuildFile; fileRef = B2FA81309C1D00C1C54500A5 /* GalleryImageViewController.swift */; };
		B2FA88E4BB5159D3DA1308BB /* NetworkCodableTests.swift in Sources */ = {isa = PBXBuildFile; fileRef = B2FA87EEB1A6721B00E69021 /* NetworkCodableTests.swift */; };
		B2FA88EDDAD7499F2169BFA3 /* Random.swift in Sources */ = {isa = PBXBuildFile; fileRef = B2FA841D3A1CF42F932BA8A7 /* Random.swift */; };
		B2FA88F8CFFB1DE42E1AF232 /* OdinTests.swift in Sources */ = {isa = PBXBuildFile; fileRef = B2FA878FCCBF587FE70C5A5F /* OdinTests.swift */; };
		B2FA890118833BBAAEC499FC /* TimestampLightTransformer.swift in Sources */ = {isa = PBXBuildFile; fileRef = B2FA8D5AEE04AEAAC1E9ADA3 /* TimestampLightTransformer.swift */; };
		B2FA890878316BD05F862FDC /* ElasticLogger.swift in Sources */ = {isa = PBXBuildFile; fileRef = B2FA8827F09C732B46B404DE /* ElasticLogger.swift */; };
		B2FA8936FB1C498BA374E613 /* Subscription.swift in Sources */ = {isa = PBXBuildFile; fileRef = B2FA8915D4F0786B5A29F899 /* Subscription.swift */; };
		B2FA89779BBFE1B071D9E98D /* VoidTransformer.swift in Sources */ = {isa = PBXBuildFile; fileRef = B2FA8D1FD5C9DDBEFA447845 /* VoidTransformer.swift */; };
		B2FA8A0DF9FDBCEC216879A5 /* TimestampTransformer.swift in Sources */ = {isa = PBXBuildFile; fileRef = B2FA88EE3C82A5FAA97CF24B /* TimestampTransformer.swift */; };
		B2FA8A5AC450E6D4B76A17B8 /* UserTransformer.swift in Sources */ = {isa = PBXBuildFile; fileRef = B2FA8952D19DFDE64C8D55E9 /* UserTransformer.swift */; };
		B2FA8A884FCEDDC22A9E1D9B /* StringMatcher.swift in Sources */ = {isa = PBXBuildFile; fileRef = B2FA89D51C66A26B2D105F83 /* StringMatcher.swift */; };
		B2FA8A8C6D80661DD2D1BBAC /* Hpkp.swift in Sources */ = {isa = PBXBuildFile; fileRef = B2FA8F6694A08CA964E4612E /* Hpkp.swift */; };
		B2FA8ABCF1DBA77D33C69DD3 /* GalleryPreviewCollectionView.swift in Sources */ = {isa = PBXBuildFile; fileRef = B2FA876A1A19B89801D9D040 /* GalleryPreviewCollectionView.swift */; };
		B2FA8AE2F05542CDD5261FF8 /* GalleryBasePreviewCollectionCell.swift in Sources */ = {isa = PBXBuildFile; fileRef = B2FA8348ACC707177A19BFF5 /* GalleryBasePreviewCollectionCell.swift */; };
		B2FA8AF9A7B6F8743294BE40 /* UserAddressGeoPointLightTransformer.swift in Sources */ = {isa = PBXBuildFile; fileRef = B2FA84534DB7DB97709D64A7 /* UserAddressGeoPointLightTransformer.swift */; };
		B2FA8B6F222B852039B6B89B /* AsIsTransformer.swift in Sources */ = {isa = PBXBuildFile; fileRef = B2FA8EA228D0CD3E18F673DA /* AsIsTransformer.swift */; };
		B2FA8BA01E3CF8971385D1A5 /* PrintLogger.swift in Sources */ = {isa = PBXBuildFile; fileRef = B2FA801B3A3421E7A5215206 /* PrintLogger.swift */; };
		B2FA8BA9230D459CBC071B41 /* Odin.swift in Sources */ = {isa = PBXBuildFile; fileRef = B2FA8AB2D5F82CDE95F5E777 /* Odin.swift */; };
		B2FA8BDDC62B592A6BB14C6B /* GalleryViewController.swift in Sources */ = {isa = PBXBuildFile; fileRef = B2FA8EC38AC1BAA7D7066674 /* GalleryViewController.swift */; };
		B2FA8C040A79133CADF6BC58 /* NumberStringTransformer.swift in Sources */ = {isa = PBXBuildFile; fileRef = B2FA85D8439F462794AA5ED1 /* NumberStringTransformer.swift */; };
		B2FA8C120B12C8A80F30F5B8 /* ArrayLightTransformer.swift in Sources */ = {isa = PBXBuildFile; fileRef = B2FA865E04614EEE00078743 /* ArrayLightTransformer.swift */; };
		B2FA8C2CB8B25FE75F462278 /* DateTransformer.swift in Sources */ = {isa = PBXBuildFile; fileRef = B2FA8114F6C4DC5F55A323F1 /* DateTransformer.swift */; };
		B2FA8C38C49A3FED9B81F68C /* UrlEncodedHttpSerializer.swift in Sources */ = {isa = PBXBuildFile; fileRef = B2FA88ABD9166F294CB557C0 /* UrlEncodedHttpSerializer.swift */; };
		B2FA8C7B9BF4A8A1E633859A /* DataHttpSerializer.swift in Sources */ = {isa = PBXBuildFile; fileRef = B2FA89C55BC68D8637A6B6B2 /* DataHttpSerializer.swift */; };
		B2FA8CCA33CDFD85FDA4C4CF /* NetworkClient.swift in Sources */ = {isa = PBXBuildFile; fileRef = B2FA8D7FD120351052DC3441 /* NetworkClient.swift */; };
		B2FA8CF3B40709A884BB20E9 /* NetworkLightTransformerTests.swift in Sources */ = {isa = PBXBuildFile; fileRef = B2FA84EF1A00858D8ECBDB41 /* NetworkLightTransformerTests.swift */; };
		B2FA8D1F701749F7115F1CC7 /* HttpSerializer.swift in Sources */ = {isa = PBXBuildFile; fileRef = B2FA8FCE558D3984B7C03D18 /* HttpSerializer.swift */; };
		B2FA8E0261AD69CC01378F1C /* NetworkImageView.swift in Sources */ = {isa = PBXBuildFile; fileRef = B2FA8320303EF0DB8654A3D2 /* NetworkImageView.swift */; };
		B2FA8E08DE39C42B829766C6 /* VoidHttpSerializer.swift in Sources */ = {isa = PBXBuildFile; fileRef = B2FA82C5A9F2428939EB9981 /* VoidHttpSerializer.swift */; };
		B2FA8E0ACB9B69D535F57BD0 /* LightTransformer.swift in Sources */ = {isa = PBXBuildFile; fileRef = B2FA844184D1B3827C980DB3 /* LightTransformer.swift */; };
		B2FA8E2D218194F836DB8CFD /* UIView+Screenshot.swift in Sources */ = {isa = PBXBuildFile; fileRef = B2FA8824B5BEBC35BA83FCC4 /* UIView+Screenshot.swift */; };
		B2FA8E3478A25C6BAFA3C5FC /* DictionaryLightTransformer.swift in Sources */ = {isa = PBXBuildFile; fileRef = B2FA8823BB0FC9F4A6D4D21A /* DictionaryLightTransformer.swift */; };
		B2FA8E616DD222761559959E /* Json.swift in Sources */ = {isa = PBXBuildFile; fileRef = B2FA8343F8CC638295A9178B /* Json.swift */; };
		B2FA8E876CAFA839778B5D3B /* GalleryVideoViewController.swift in Sources */ = {isa = PBXBuildFile; fileRef = B2FA8B92E4FF28AD37A47198 /* GalleryVideoViewController.swift */; };
		B2FA8EBC887E729D71FA8F24 /* UrlSessionHttp.swift in Sources */ = {isa = PBXBuildFile; fileRef = B2FA85D4956ADEAF7B13BFD8 /* UrlSessionHttp.swift */; };
		B2FA8EBEBBA08CCD5AF2BAC1 /* UserCompanyTransformer.swift in Sources */ = {isa = PBXBuildFile; fileRef = B2FA81AED0579250AA3BBBBA /* UserCompanyTransformer.swift */; };
		B2FA8ECC7F2C060165D143A1 /* ServerTrustPolicy.swift in Sources */ = {isa = PBXBuildFile; fileRef = B2FA81B9B48B6F6CD61E53CD /* ServerTrustPolicy.swift */; };
		B2FA8ECF83711F7B35DDAAE5 /* OptionalTransformer.swift in Sources */ = {isa = PBXBuildFile; fileRef = B2FA88C5C52A570B17B93ADC /* OptionalTransformer.swift */; };
		B2FA8EE725814DEA592BF43F /* CastTransformer.swift in Sources */ = {isa = PBXBuildFile; fileRef = B2FA871E8CDD13651A0653C9 /* CastTransformer.swift */; };
		B2FA8F23130E1EB2B3CB0555 /* UserAddressTransformer.swift in Sources */ = {isa = PBXBuildFile; fileRef = B2FA8C5817F094BA4B04D6AC /* UserAddressTransformer.swift */; };
		B2FA8F36BE97130A361CF272 /* BridgingHeader.h in Headers */ = {isa = PBXBuildFile; fileRef = B2FA8218EDF10CFD1F46C1EE /* BridgingHeader.h */; };
		B2FA8F6E7FDEA6CFC6E56E76 /* LoggingLevel.swift in Sources */ = {isa = PBXBuildFile; fileRef = B2FA8BA2916372FD1C1B622A /* LoggingLevel.swift */; };
		B2FA8F9C0064102A3D025F06 /* ImageLoader.swift in Sources */ = {isa = PBXBuildFile; fileRef = B2FA8D39F9D55F0D66FEE3F5 /* ImageLoader.swift */; };
/* End PBXBuildFile section */

/* Begin PBXContainerItemProxy section */
		4483664E205E5D56000C986A /* PBXContainerItemProxy */ = {
			isa = PBXContainerItemProxy;
			containerPortal = 447729D31D7B0E7B00D63FE7 /* Project object */;
			proxyType = 1;
			remoteGlobalIDString = 447729DD1D7B121200D63FE7;
			remoteInfo = "Legacy-iOS";
		};
/* End PBXContainerItemProxy section */

/* Begin PBXFileReference section */
		2DBA15D16B07F5B535041B4A /* SimpleTaggedLogger.swift */ = {isa = PBXFileReference; fileEncoding = 4; lastKnownFileType = sourcecode.swift; path = SimpleTaggedLogger.swift; sourceTree = "<group>"; };
		2DBA18571A6382BC05B1668F /* TaggedLogger.swift */ = {isa = PBXFileReference; fileEncoding = 4; lastKnownFileType = sourcecode.swift; path = TaggedLogger.swift; sourceTree = "<group>"; };
		441D90341DDF70F800B4493B /* RequestAuthorizer.swift */ = {isa = PBXFileReference; fileEncoding = 4; lastKnownFileType = sourcecode.swift; path = RequestAuthorizer.swift; sourceTree = "<group>"; };
		441D90361DDF716A00B4493B /* Optional+With.swift */ = {isa = PBXFileReference; fileEncoding = 4; lastKnownFileType = sourcecode.swift; path = "Optional+With.swift"; sourceTree = "<group>"; };
		447729DE1D7B121200D63FE7 /* Legacy.framework */ = {isa = PBXFileReference; explicitFileType = wrapper.framework; includeInIndex = 0; path = Legacy.framework; sourceTree = BUILT_PRODUCTS_DIR; };
		447729E11D7B121200D63FE7 /* Legacy-iOS.h */ = {isa = PBXFileReference; lastKnownFileType = sourcecode.c.h; path = "Legacy-iOS.h"; sourceTree = "<group>"; };
		447729E31D7B121200D63FE7 /* Info.plist */ = {isa = PBXFileReference; lastKnownFileType = text.plist.info; path = Info.plist; sourceTree = "<group>"; };
		44836648205E5D56000C986A /* Legacy-iOSTests.xctest */ = {isa = PBXFileReference; explicitFileType = wrapper.cfbundle; includeInIndex = 0; path = "Legacy-iOSTests.xctest"; sourceTree = BUILT_PRODUCTS_DIR; };
		4483664A205E5D56000C986A /* DeviceInfoTests.swift */ = {isa = PBXFileReference; lastKnownFileType = sourcecode.swift; path = DeviceInfoTests.swift; sourceTree = "<group>"; };
		4483664C205E5D56000C986A /* Info.plist */ = {isa = PBXFileReference; lastKnownFileType = text.plist.xml; path = Info.plist; sourceTree = "<group>"; };
		44EE86001E92A4BD00E3F6AD /* DeviceInfo.swift */ = {isa = PBXFileReference; fileEncoding = 4; lastKnownFileType = sourcecode.swift; path = DeviceInfo.swift; sourceTree = "<group>"; };
		44EE86021E92A4DC00E3F6AD /* Result.swift */ = {isa = PBXFileReference; fileEncoding = 4; lastKnownFileType = sourcecode.swift; path = Result.swift; sourceTree = "<group>"; };
		B2FA800E130A8516FAE85E11 /* PostLightTransformer.swift */ = {isa = PBXFileReference; fileEncoding = 4; lastKnownFileType = sourcecode.swift; path = PostLightTransformer.swift; sourceTree = "<group>"; };
		B2FA801B3A3421E7A5215206 /* PrintLogger.swift */ = {isa = PBXFileReference; fileEncoding = 4; lastKnownFileType = sourcecode.swift; path = PrintLogger.swift; sourceTree = "<group>"; };
		B2FA803636A6075723D28CB5 /* UIImage+Color.swift */ = {isa = PBXFileReference; fileEncoding = 4; lastKnownFileType = sourcecode.swift; path = "UIImage+Color.swift"; sourceTree = "<group>"; };
		B2FA8070910A5471F1C64F29 /* UIColor+Hex.swift */ = {isa = PBXFileReference; fileEncoding = 4; lastKnownFileType = sourcecode.swift; path = "UIColor+Hex.swift"; sourceTree = "<group>"; };
		B2FA80A97914B5B85695241D /* GalleryVideoView.swift */ = {isa = PBXFileReference; fileEncoding = 4; lastKnownFileType = sourcecode.swift; path = GalleryVideoView.swift; sourceTree = "<group>"; };
		B2FA80ED88407CC95DD21164 /* DecimalLightTransformer.swift */ = {isa = PBXFileReference; fileEncoding = 4; lastKnownFileType = sourcecode.swift; path = DecimalLightTransformer.swift; sourceTree = "<group>"; };
		B2FA8114F6C4DC5F55A323F1 /* DateTransformer.swift */ = {isa = PBXFileReference; fileEncoding = 4; lastKnownFileType = sourcecode.swift; path = DateTransformer.swift; sourceTree = "<group>"; };
		B2FA81162D4B1737884BE158 /* CastLightTransformer.swift */ = {isa = PBXFileReference; fileEncoding = 4; lastKnownFileType = sourcecode.swift; path = CastLightTransformer.swift; sourceTree = "<group>"; };
		B2FA81309C1D00C1C54500A5 /* GalleryImageViewController.swift */ = {isa = PBXFileReference; fileEncoding = 4; lastKnownFileType = sourcecode.swift; path = GalleryImageViewController.swift; sourceTree = "<group>"; };
		B2FA81AED0579250AA3BBBBA /* UserCompanyTransformer.swift */ = {isa = PBXFileReference; fileEncoding = 4; lastKnownFileType = sourcecode.swift; path = UserCompanyTransformer.swift; sourceTree = "<group>"; };
		B2FA81B9B48B6F6CD61E53CD /* ServerTrustPolicy.swift */ = {isa = PBXFileReference; fileEncoding = 4; lastKnownFileType = sourcecode.swift; path = ServerTrustPolicy.swift; sourceTree = "<group>"; };
		B2FA81C3C6CFE9B879F44CBF /* ShadowView.swift */ = {isa = PBXFileReference; fileEncoding = 4; lastKnownFileType = sourcecode.swift; path = ShadowView.swift; sourceTree = "<group>"; };
		B2FA81EADC34644BE80F3DC4 /* UIView+Nib.swift */ = {isa = PBXFileReference; fileEncoding = 4; lastKnownFileType = sourcecode.swift; path = "UIView+Nib.swift"; sourceTree = "<group>"; };
		B2FA82053D78B81A16709252 /* ZoomTransitionController.swift */ = {isa = PBXFileReference; fileEncoding = 4; lastKnownFileType = sourcecode.swift; path = ZoomTransitionController.swift; sourceTree = "<group>"; };
		B2FA8218EDF10CFD1F46C1EE /* BridgingHeader.h */ = {isa = PBXFileReference; fileEncoding = 4; lastKnownFileType = sourcecode.c.h; path = BridgingHeader.h; sourceTree = "<group>"; };
		B2FA821B587ACD8434FFAA0F /* Action.swift */ = {isa = PBXFileReference; fileEncoding = 4; lastKnownFileType = sourcecode.swift; path = Action.swift; sourceTree = "<group>"; };
		B2FA8241C5214BD0E693AFBF /* EnumLightTransformer.swift */ = {isa = PBXFileReference; fileEncoding = 4; lastKnownFileType = sourcecode.swift; path = EnumLightTransformer.swift; sourceTree = "<group>"; };
		B2FA82507578C9F784D56C78 /* GalleryLightVideoViewController.swift */ = {isa = PBXFileReference; fileEncoding = 4; lastKnownFileType = sourcecode.swift; path = GalleryLightVideoViewController.swift; sourceTree = "<group>"; };
		B2FA82C5A9F2428939EB9981 /* VoidHttpSerializer.swift */ = {isa = PBXFileReference; fileEncoding = 4; lastKnownFileType = sourcecode.swift; path = VoidHttpSerializer.swift; sourceTree = "<group>"; };
		B2FA8320303EF0DB8654A3D2 /* NetworkImageView.swift */ = {isa = PBXFileReference; fileEncoding = 4; lastKnownFileType = sourcecode.swift; path = NetworkImageView.swift; sourceTree = "<group>"; };
		B2FA832A7D8E587420E22722 /* ColorTransformer.swift */ = {isa = PBXFileReference; fileEncoding = 4; lastKnownFileType = sourcecode.swift; path = ColorTransformer.swift; sourceTree = "<group>"; };
		B2FA8343F8CC638295A9178B /* Json.swift */ = {isa = PBXFileReference; fileEncoding = 4; lastKnownFileType = sourcecode.swift; path = Json.swift; sourceTree = "<group>"; };
		B2FA8348ACC707177A19BFF5 /* GalleryBasePreviewCollectionCell.swift */ = {isa = PBXFileReference; fileEncoding = 4; lastKnownFileType = sourcecode.swift; path = GalleryBasePreviewCollectionCell.swift; sourceTree = "<group>"; };
		B2FA841D3A1CF42F932BA8A7 /* Random.swift */ = {isa = PBXFileReference; fileEncoding = 4; lastKnownFileType = sourcecode.swift; path = Random.swift; sourceTree = "<group>"; };
		B2FA843FFDC103AEBF23E09C /* EETestCase.swift */ = {isa = PBXFileReference; fileEncoding = 4; lastKnownFileType = sourcecode.swift; path = EETestCase.swift; sourceTree = "<group>"; };
		B2FA844184D1B3827C980DB3 /* LightTransformer.swift */ = {isa = PBXFileReference; fileEncoding = 4; lastKnownFileType = sourcecode.swift; path = LightTransformer.swift; sourceTree = "<group>"; };
		B2FA84534DB7DB97709D64A7 /* UserAddressGeoPointLightTransformer.swift */ = {isa = PBXFileReference; fileEncoding = 4; lastKnownFileType = sourcecode.swift; path = UserAddressGeoPointLightTransformer.swift; sourceTree = "<group>"; };
		B2FA8489E4C4DDA254CF5F3A /* LoggerConfiguration.swift */ = {isa = PBXFileReference; fileEncoding = 4; lastKnownFileType = sourcecode.swift; path = LoggerConfiguration.swift; sourceTree = "<group>"; };
		B2FA84BBE47AB20628675CBD /* Http.swift */ = {isa = PBXFileReference; fileEncoding = 4; lastKnownFileType = sourcecode.swift; path = Http.swift; sourceTree = "<group>"; };
		B2FA84DCD3075D73F5D67FD5 /* Post.swift */ = {isa = PBXFileReference; fileEncoding = 4; lastKnownFileType = sourcecode.swift; path = Post.swift; sourceTree = "<group>"; };
		B2FA84EF1A00858D8ECBDB41 /* NetworkLightTransformerTests.swift */ = {isa = PBXFileReference; fileEncoding = 4; lastKnownFileType = sourcecode.swift; path = NetworkLightTransformerTests.swift; sourceTree = "<group>"; };
		B2FA84F9B0679E131DCA216E /* NSLogLogger.swift */ = {isa = PBXFileReference; fileEncoding = 4; lastKnownFileType = sourcecode.swift; path = NSLogLogger.swift; sourceTree = "<group>"; };
		B2FA851A9B04FA4D133EA879 /* DateLightTransformer.swift */ = {isa = PBXFileReference; fileEncoding = 4; lastKnownFileType = sourcecode.swift; path = DateLightTransformer.swift; sourceTree = "<group>"; };
		B2FA852B1C43001C50964B88 /* GradientView.swift */ = {isa = PBXFileReference; fileEncoding = 4; lastKnownFileType = sourcecode.swift; path = GradientView.swift; sourceTree = "<group>"; };
		B2FA85586B2FCF3923C037AB /* NumberStringLightTransformer.swift */ = {isa = PBXFileReference; fileEncoding = 4; lastKnownFileType = sourcecode.swift; path = NumberStringLightTransformer.swift; sourceTree = "<group>"; };
		B2FA8580A06E74412566C395 /* GalleryPreviewCollectionCell.swift */ = {isa = PBXFileReference; fileEncoding = 4; lastKnownFileType = sourcecode.swift; path = GalleryPreviewCollectionCell.swift; sourceTree = "<group>"; };
		B2FA858A3D77F6B7C5DBB895 /* DependencyInjectionContainer.swift */ = {isa = PBXFileReference; fileEncoding = 4; lastKnownFileType = sourcecode.swift; path = DependencyInjectionContainer.swift; sourceTree = "<group>"; };
		B2FA85D4956ADEAF7B13BFD8 /* UrlSessionHttp.swift */ = {isa = PBXFileReference; fileEncoding = 4; lastKnownFileType = sourcecode.swift; path = UrlSessionHttp.swift; sourceTree = "<group>"; };
		B2FA85D8439F462794AA5ED1 /* NumberStringTransformer.swift */ = {isa = PBXFileReference; fileEncoding = 4; lastKnownFileType = sourcecode.swift; path = NumberStringTransformer.swift; sourceTree = "<group>"; };
		B2FA85FE943584046C622540 /* Transformer.swifttemplate */ = {isa = PBXFileReference; lastKnownFileType = file.swifttemplate; path = Transformer.swifttemplate; sourceTree = "<group>"; };
		B2FA8628B95B05FB210BABF0 /* UserCompanyLightTransformer.swift */ = {isa = PBXFileReference; fileEncoding = 4; lastKnownFileType = sourcecode.swift; path = UserCompanyLightTransformer.swift; sourceTree = "<group>"; };
		B2FA865E04614EEE00078743 /* ArrayLightTransformer.swift */ = {isa = PBXFileReference; fileEncoding = 4; lastKnownFileType = sourcecode.swift; path = ArrayLightTransformer.swift; sourceTree = "<group>"; };
		B2FA871E8CDD13651A0653C9 /* CastTransformer.swift */ = {isa = PBXFileReference; fileEncoding = 4; lastKnownFileType = sourcecode.swift; path = CastTransformer.swift; sourceTree = "<group>"; };
		B2FA873002C781AA701C4253 /* UIView+Fade.swift */ = {isa = PBXFileReference; fileEncoding = 4; lastKnownFileType = sourcecode.swift; path = "UIView+Fade.swift"; sourceTree = "<group>"; };
		B2FA874D96896C94DD3FD899 /* UserAddressLightTransformer.swift */ = {isa = PBXFileReference; fileEncoding = 4; lastKnownFileType = sourcecode.swift; path = UserAddressLightTransformer.swift; sourceTree = "<group>"; };
		B2FA876A1A19B89801D9D040 /* GalleryPreviewCollectionView.swift */ = {isa = PBXFileReference; fileEncoding = 4; lastKnownFileType = sourcecode.swift; path = GalleryPreviewCollectionView.swift; sourceTree = "<group>"; };
		B2FA877C4F8708E00C9D6F1B /* Transformer.swift */ = {isa = PBXFileReference; fileEncoding = 4; lastKnownFileType = sourcecode.swift; path = Transformer.swift; sourceTree = "<group>"; };
		B2FA878FCCBF587FE70C5A5F /* OdinTests.swift */ = {isa = PBXFileReference; fileEncoding = 4; lastKnownFileType = sourcecode.swift; path = OdinTests.swift; sourceTree = "<group>"; };
		B2FA87C1FF4033D603F217FC /* UserLightTransformer.swift */ = {isa = PBXFileReference; fileEncoding = 4; lastKnownFileType = sourcecode.swift; path = UserLightTransformer.swift; sourceTree = "<group>"; };
		B2FA87EEB1A6721B00E69021 /* NetworkCodableTests.swift */ = {isa = PBXFileReference; fileEncoding = 4; lastKnownFileType = sourcecode.swift; path = NetworkCodableTests.swift; sourceTree = "<group>"; };
		B2FA87F9B5E313F53D90ABCA /* Easing.swift */ = {isa = PBXFileReference; fileEncoding = 4; lastKnownFileType = sourcecode.swift; path = Easing.swift; sourceTree = "<group>"; };
		B2FA8823BB0FC9F4A6D4D21A /* DictionaryLightTransformer.swift */ = {isa = PBXFileReference; fileEncoding = 4; lastKnownFileType = sourcecode.swift; path = DictionaryLightTransformer.swift; sourceTree = "<group>"; };
		B2FA8824B5BEBC35BA83FCC4 /* UIView+Screenshot.swift */ = {isa = PBXFileReference; fileEncoding = 4; lastKnownFileType = sourcecode.swift; path = "UIView+Screenshot.swift"; sourceTree = "<group>"; };
		B2FA8827F09C732B46B404DE /* ElasticLogger.swift */ = {isa = PBXFileReference; fileEncoding = 4; lastKnownFileType = sourcecode.swift; path = ElasticLogger.swift; sourceTree = "<group>"; };
		B2FA88ABD9166F294CB557C0 /* UrlEncodedHttpSerializer.swift */ = {isa = PBXFileReference; fileEncoding = 4; lastKnownFileType = sourcecode.swift; path = UrlEncodedHttpSerializer.swift; sourceTree = "<group>"; };
		B2FA88C5C52A570B17B93ADC /* OptionalTransformer.swift */ = {isa = PBXFileReference; fileEncoding = 4; lastKnownFileType = sourcecode.swift; path = OptionalTransformer.swift; sourceTree = "<group>"; };
		B2FA88EE3C82A5FAA97CF24B /* TimestampTransformer.swift */ = {isa = PBXFileReference; fileEncoding = 4; lastKnownFileType = sourcecode.swift; path = TimestampTransformer.swift; sourceTree = "<group>"; };
		B2FA88F670994240D540032B /* Reusable.swift */ = {isa = PBXFileReference; fileEncoding = 4; lastKnownFileType = sourcecode.swift; path = Reusable.swift; sourceTree = "<group>"; };
		B2FA8909F5DDE13AF54FEBB3 /* SimpleSubscription.swift */ = {isa = PBXFileReference; fileEncoding = 4; lastKnownFileType = sourcecode.swift; path = SimpleSubscription.swift; sourceTree = "<group>"; };
		B2FA8915D4F0786B5A29F899 /* Subscription.swift */ = {isa = PBXFileReference; fileEncoding = 4; lastKnownFileType = sourcecode.swift; path = Subscription.swift; sourceTree = "<group>"; };
		B2FA892E03F8A89CA27FEE9F /* DictionaryTransformer.swift */ = {isa = PBXFileReference; fileEncoding = 4; lastKnownFileType = sourcecode.swift; path = DictionaryTransformer.swift; sourceTree = "<group>"; };
		B2FA89369D1C3F4AEC950146 /* BaseNetworkClient.swift */ = {isa = PBXFileReference; fileEncoding = 4; lastKnownFileType = sourcecode.swift; path = BaseNetworkClient.swift; sourceTree = "<group>"; };
		B2FA8948EA5267A724A05E3B /* CodableRestClient.swift */ = {isa = PBXFileReference; fileEncoding = 4; lastKnownFileType = sourcecode.swift; path = CodableRestClient.swift; sourceTree = "<group>"; };
		B2FA8952D19DFDE64C8D55E9 /* UserTransformer.swift */ = {isa = PBXFileReference; fileEncoding = 4; lastKnownFileType = sourcecode.swift; path = UserTransformer.swift; sourceTree = "<group>"; };
		B2FA89997C8960D3CDBFF0BA /* JsonHttpSerializer.swift */ = {isa = PBXFileReference; fileEncoding = 4; lastKnownFileType = sourcecode.swift; path = JsonHttpSerializer.swift; sourceTree = "<group>"; };
		B2FA899C6D092E41EB22D2C8 /* UrlTransformer.swift */ = {isa = PBXFileReference; fileEncoding = 4; lastKnownFileType = sourcecode.swift; path = UrlTransformer.swift; sourceTree = "<group>"; };
		B2FA89A6C7B0C66FA91C0A3C /* GalleryMedia.swift */ = {isa = PBXFileReference; fileEncoding = 4; lastKnownFileType = sourcecode.swift; path = GalleryMedia.swift; sourceTree = "<group>"; };
		B2FA89A74F51868729D4A3DE /* VoidLightTransformer.swift */ = {isa = PBXFileReference; fileEncoding = 4; lastKnownFileType = sourcecode.swift; path = VoidLightTransformer.swift; sourceTree = "<group>"; };
		B2FA89C55BC68D8637A6B6B2 /* DataHttpSerializer.swift */ = {isa = PBXFileReference; fileEncoding = 4; lastKnownFileType = sourcecode.swift; path = DataHttpSerializer.swift; sourceTree = "<group>"; };
		B2FA89D51C66A26B2D105F83 /* StringMatcher.swift */ = {isa = PBXFileReference; fileEncoding = 4; lastKnownFileType = sourcecode.swift; path = StringMatcher.swift; sourceTree = "<group>"; };
		B2FA8A70AC8E484E56F4A0FC /* FullRestClient.swift */ = {isa = PBXFileReference; fileEncoding = 4; lastKnownFileType = sourcecode.swift; path = FullRestClient.swift; sourceTree = "<group>"; };
		B2FA8AB2D5F82CDE95F5E777 /* Odin.swift */ = {isa = PBXFileReference; fileEncoding = 4; lastKnownFileType = sourcecode.swift; path = Odin.swift; sourceTree = "<group>"; };
		B2FA8B11307D20C903178300 /* JsonModelHttpSerializer.swift */ = {isa = PBXFileReference; fileEncoding = 4; lastKnownFileType = sourcecode.swift; path = JsonModelHttpSerializer.swift; sourceTree = "<group>"; };
		B2FA8B4CC7F989C0196CA4B6 /* ZoomTransition.swift */ = {isa = PBXFileReference; fileEncoding = 4; lastKnownFileType = sourcecode.swift; path = ZoomTransition.swift; sourceTree = "<group>"; };
		B2FA8B92E4FF28AD37A47198 /* GalleryVideoViewController.swift */ = {isa = PBXFileReference; fileEncoding = 4; lastKnownFileType = sourcecode.swift; path = GalleryVideoViewController.swift; sourceTree = "<group>"; };
		B2FA8BA2916372FD1C1B622A /* LoggingLevel.swift */ = {isa = PBXFileReference; fileEncoding = 4; lastKnownFileType = sourcecode.swift; path = LoggingLevel.swift; sourceTree = "<group>"; };
		B2FA8BAD2FA91CB5CC3817D2 /* RestClient.swift */ = {isa = PBXFileReference; fileEncoding = 4; lastKnownFileType = sourcecode.swift; path = RestClient.swift; sourceTree = "<group>"; };
		B2FA8BCEA1534833B2491627 /* LightTransformer.swifttemplate */ = {isa = PBXFileReference; lastKnownFileType = file.swifttemplate; path = LightTransformer.swifttemplate; sourceTree = "<group>"; };
		B2FA8C5817F094BA4B04D6AC /* UserAddressTransformer.swift */ = {isa = PBXFileReference; fileEncoding = 4; lastKnownFileType = sourcecode.swift; path = UserAddressTransformer.swift; sourceTree = "<group>"; };
		B2FA8C7BA23DC92203EDB8E0 /* NetworkTransformerTests.swift */ = {isa = PBXFileReference; fileEncoding = 4; lastKnownFileType = sourcecode.swift; path = NetworkTransformerTests.swift; sourceTree = "<group>"; };
		B2FA8C8081CA3AE76072B7CB /* PostTransformer.swift */ = {isa = PBXFileReference; fileEncoding = 4; lastKnownFileType = sourcecode.swift; path = PostTransformer.swift; sourceTree = "<group>"; };
		B2FA8C8F891B8EEC67935F9A /* ColorLightTransformer.swift */ = {isa = PBXFileReference; fileEncoding = 4; lastKnownFileType = sourcecode.swift; path = ColorLightTransformer.swift; sourceTree = "<group>"; };
		B2FA8CBA874F87DB059F82B6 /* UIStoryboard+Intstantiate.swift */ = {isa = PBXFileReference; fileEncoding = 4; lastKnownFileType = sourcecode.swift; path = "UIStoryboard+Intstantiate.swift"; sourceTree = "<group>"; };
		B2FA8CD442F69CC58B692F6E /* UrlLightTransformer.swift */ = {isa = PBXFileReference; fileEncoding = 4; lastKnownFileType = sourcecode.swift; path = UrlLightTransformer.swift; sourceTree = "<group>"; };
		B2FA8CFC418C8272AD882046 /* GalleryItemViewController.swift */ = {isa = PBXFileReference; fileEncoding = 4; lastKnownFileType = sourcecode.swift; path = GalleryItemViewController.swift; sourceTree = "<group>"; };
		B2FA8D0E1B4C307E2B3DEAC9 /* UIImage+Prerender.swift */ = {isa = PBXFileReference; fileEncoding = 4; lastKnownFileType = sourcecode.swift; path = "UIImage+Prerender.swift"; sourceTree = "<group>"; };
		B2FA8D1FD5C9DDBEFA447845 /* VoidTransformer.swift */ = {isa = PBXFileReference; fileEncoding = 4; lastKnownFileType = sourcecode.swift; path = VoidTransformer.swift; sourceTree = "<group>"; };
		B2FA8D39F9D55F0D66FEE3F5 /* ImageLoader.swift */ = {isa = PBXFileReference; fileEncoding = 4; lastKnownFileType = sourcecode.swift; path = ImageLoader.swift; sourceTree = "<group>"; };
		B2FA8D5570D6EF73D907E6B2 /* ArrayTransformer.swift */ = {isa = PBXFileReference; fileEncoding = 4; lastKnownFileType = sourcecode.swift; path = ArrayTransformer.swift; sourceTree = "<group>"; };
		B2FA8D5AEE04AEAAC1E9ADA3 /* TimestampLightTransformer.swift */ = {isa = PBXFileReference; fileEncoding = 4; lastKnownFileType = sourcecode.swift; path = TimestampLightTransformer.swift; sourceTree = "<group>"; };
		B2FA8D7FD120351052DC3441 /* NetworkClient.swift */ = {isa = PBXFileReference; fileEncoding = 4; lastKnownFileType = sourcecode.swift; path = NetworkClient.swift; sourceTree = "<group>"; };
		B2FA8D9E17BD746E31E8C38D /* Arithmetic.swift */ = {isa = PBXFileReference; fileEncoding = 4; lastKnownFileType = sourcecode.swift; path = Arithmetic.swift; sourceTree = "<group>"; };
		B2FA8DD5ABEAA50B53F4DF26 /* User.swift */ = {isa = PBXFileReference; fileEncoding = 4; lastKnownFileType = sourcecode.swift; path = User.swift; sourceTree = "<group>"; };
		B2FA8E16DAF6C4EA069392AA /* FilteringLogger.swift */ = {isa = PBXFileReference; fileEncoding = 4; lastKnownFileType = sourcecode.swift; path = FilteringLogger.swift; sourceTree = "<group>"; };
		B2FA8E388D31A7F4BAE25FE8 /* BaseRestClient.swift */ = {isa = PBXFileReference; fileEncoding = 4; lastKnownFileType = sourcecode.swift; path = BaseRestClient.swift; sourceTree = "<group>"; };
		B2FA8E3E7D9481DB8601D32A /* HttpImageLoader.swift */ = {isa = PBXFileReference; fileEncoding = 4; lastKnownFileType = sourcecode.swift; path = HttpImageLoader.swift; sourceTree = "<group>"; };
		B2FA8E950FEFE2262DA05B79 /* DateFormatter+Format.swift */ = {isa = PBXFileReference; fileEncoding = 4; lastKnownFileType = sourcecode.swift; path = "DateFormatter+Format.swift"; sourceTree = "<group>"; };
		B2FA8EA228D0CD3E18F673DA /* AsIsTransformer.swift */ = {isa = PBXFileReference; fileEncoding = 4; lastKnownFileType = sourcecode.swift; path = AsIsTransformer.swift; sourceTree = "<group>"; };
		B2FA8EC38AC1BAA7D7066674 /* GalleryViewController.swift */ = {isa = PBXFileReference; fileEncoding = 4; lastKnownFileType = sourcecode.swift; path = GalleryViewController.swift; sourceTree = "<group>"; };
		B2FA8F1DBE228BC4CE0DCECA /* LightRestClient.swift */ = {isa = PBXFileReference; fileEncoding = 4; lastKnownFileType = sourcecode.swift; path = LightRestClient.swift; sourceTree = "<group>"; };
		B2FA8F6694A08CA964E4612E /* Hpkp.swift */ = {isa = PBXFileReference; fileEncoding = 4; lastKnownFileType = sourcecode.swift; path = Hpkp.swift; sourceTree = "<group>"; };
		B2FA8F77747871C67C68EDF3 /* DecimalTransformer.swift */ = {isa = PBXFileReference; fileEncoding = 4; lastKnownFileType = sourcecode.swift; path = DecimalTransformer.swift; sourceTree = "<group>"; };
		B2FA8FA85B91E15035E85A65 /* UserAddressGeoPointTransformer.swift */ = {isa = PBXFileReference; fileEncoding = 4; lastKnownFileType = sourcecode.swift; path = UserAddressGeoPointTransformer.swift; sourceTree = "<group>"; };
		B2FA8FCE558D3984B7C03D18 /* HttpSerializer.swift */ = {isa = PBXFileReference; fileEncoding = 4; lastKnownFileType = sourcecode.swift; path = HttpSerializer.swift; sourceTree = "<group>"; };
		B2FA8FE3EB784EF09E023861 /* Logger.swift */ = {isa = PBXFileReference; fileEncoding = 4; lastKnownFileType = sourcecode.swift; path = Logger.swift; sourceTree = "<group>"; };
		B2FA8FFA8D01E28A684145D6 /* NetworkTestCase.swift */ = {isa = PBXFileReference; fileEncoding = 4; lastKnownFileType = sourcecode.swift; path = NetworkTestCase.swift; sourceTree = "<group>"; };
/* End PBXFileReference section */

/* Begin PBXFrameworksBuildPhase section */
		447729DA1D7B121200D63FE7 /* Frameworks */ = {
			isa = PBXFrameworksBuildPhase;
			buildActionMask = 2147483647;
			files = (
			);
			runOnlyForDeploymentPostprocessing = 0;
		};
		44836645205E5D56000C986A /* Frameworks */ = {
			isa = PBXFrameworksBuildPhase;
			buildActionMask = 2147483647;
			files = (
				4483664D205E5D56000C986A /* Legacy.framework in Frameworks */,
			);
			runOnlyForDeploymentPostprocessing = 0;
		};
/* End PBXFrameworksBuildPhase section */

/* Begin PBXGroup section */
		447729D21D7B0E7B00D63FE7 = {
			isa = PBXGroup;
			children = (
				447729E01D7B121200D63FE7 /* Legacy-iOS */,
				44836649205E5D56000C986A /* Legacy-iOSTests */,
				447729DF1D7B121200D63FE7 /* Products */,
				B2FA8968D141B27388BB5140 /* Sources */,
			);
			sourceTree = "<group>";
		};
		447729DF1D7B121200D63FE7 /* Products */ = {
			isa = PBXGroup;
			children = (
				447729DE1D7B121200D63FE7 /* Legacy.framework */,
				44836648205E5D56000C986A /* Legacy-iOSTests.xctest */,
			);
			name = Products;
			sourceTree = "<group>";
		};
		447729E01D7B121200D63FE7 /* Legacy-iOS */ = {
			isa = PBXGroup;
			children = (
				447729E11D7B121200D63FE7 /* Legacy-iOS.h */,
				447729E31D7B121200D63FE7 /* Info.plist */,
				B2FA8218EDF10CFD1F46C1EE /* BridgingHeader.h */,
			);
			path = "Legacy-iOS";
			sourceTree = "<group>";
		};
		44836649205E5D56000C986A /* Legacy-iOSTests */ = {
			isa = PBXGroup;
			children = (
				4483664A205E5D56000C986A /* DeviceInfoTests.swift */,
				4483664C205E5D56000C986A /* Info.plist */,
				B2FA878FCCBF587FE70C5A5F /* OdinTests.swift */,
				B2FA843FFDC103AEBF23E09C /* EETestCase.swift */,
				B2FA8684921A4DF6C084EC43 /* Generated */,
				B2FA85621421C5D8CC526E9D /* Models */,
				B2FA8B567112026815FA64BF /* Network */,
			);
			path = "Legacy-iOSTests";
			sourceTree = "<group>";
		};
		B2FA807D49557B1771377C58 /* Transformers */ = {
			isa = PBXGroup;
			children = (
				B2FA8D5105F18DB075DB3A74 /* Light */,
				B2FA81797FF4264594D5E948 /* Full */,
			);
			path = Transformers;
			sourceTree = "<group>";
		};
		B2FA81797FF4264594D5E948 /* Full */ = {
			isa = PBXGroup;
			children = (
				B2FA899C6D092E41EB22D2C8 /* UrlTransformer.swift */,
				B2FA85D8439F462794AA5ED1 /* NumberStringTransformer.swift */,
				B2FA877C4F8708E00C9D6F1B /* Transformer.swift */,
				B2FA8114F6C4DC5F55A323F1 /* DateTransformer.swift */,
				B2FA832A7D8E587420E22722 /* ColorTransformer.swift */,
				B2FA8D1FD5C9DDBEFA447845 /* VoidTransformer.swift */,
				B2FA871E8CDD13651A0653C9 /* CastTransformer.swift */,
				B2FA8D5570D6EF73D907E6B2 /* ArrayTransformer.swift */,
				B2FA88EE3C82A5FAA97CF24B /* TimestampTransformer.swift */,
				B2FA88C5C52A570B17B93ADC /* OptionalTransformer.swift */,
				B2FA8F77747871C67C68EDF3 /* DecimalTransformer.swift */,
				B2FA892E03F8A89CA27FEE9F /* DictionaryTransformer.swift */,
				B2FA8EA228D0CD3E18F673DA /* AsIsTransformer.swift */,
			);
			path = Full;
			sourceTree = "<group>";
		};
		B2FA8202B8DF9CE3D4886262 /* Dependencies */ = {
			isa = PBXGroup;
			children = (
				B2FA88E9498465E9971ECBDC /* Odin */,
			);
			path = Dependencies;
			sourceTree = "<group>";
		};
		B2FA839D74C9E0CA0CB15AF4 /* Extensions */ = {
			isa = PBXGroup;
			children = (
				B2FA8E950FEFE2262DA05B79 /* DateFormatter+Format.swift */,
				441D90361DDF716A00B4493B /* Optional+With.swift */,
			);
			path = Extensions;
			sourceTree = "<group>";
		};
		B2FA84C7FEBAEE731D54B56F /* Http */ = {
			isa = PBXGroup;
			children = (
				B2FA898504F1E69BB9458637 /* Serializers */,
				B2FA84BBE47AB20628675CBD /* Http.swift */,
				B2FA85D4956ADEAF7B13BFD8 /* UrlSessionHttp.swift */,
				B2FA81B9B48B6F6CD61E53CD /* ServerTrustPolicy.swift */,
				B2FA8F6694A08CA964E4612E /* Hpkp.swift */,
			);
			path = Http;
			sourceTree = "<group>";
		};
		B2FA85621421C5D8CC526E9D /* Models */ = {
			isa = PBXGroup;
			children = (
				B2FA84DCD3075D73F5D67FD5 /* Post.swift */,
				B2FA8DD5ABEAA50B53F4DF26 /* User.swift */,
			);
			path = Models;
			sourceTree = "<group>";
		};
		B2FA860F6549FD6B0671F111 /* Rest */ = {
			isa = PBXGroup;
			children = (
				441D90341DDF70F800B4493B /* RequestAuthorizer.swift */,
				B2FA8BAD2FA91CB5CC3817D2 /* RestClient.swift */,
				B2FA8E388D31A7F4BAE25FE8 /* BaseRestClient.swift */,
				B2FA8F1DBE228BC4CE0DCECA /* LightRestClient.swift */,
				B2FA8A70AC8E484E56F4A0FC /* FullRestClient.swift */,
				B2FA8D7FD120351052DC3441 /* NetworkClient.swift */,
				B2FA89369D1C3F4AEC950146 /* BaseNetworkClient.swift */,
				B2FA8948EA5267A724A05E3B /* CodableRestClient.swift */,
			);
			path = Rest;
			sourceTree = "<group>";
		};
		B2FA86161EA2A514BF3C8E60 /* Network */ = {
			isa = PBXGroup;
			children = (
				B2FA84C7FEBAEE731D54B56F /* Http */,
				B2FA860F6549FD6B0671F111 /* Rest */,
				B2FA8BCEC123DAEBBAFB250A /* ImageLoader */,
				B2FA807D49557B1771377C58 /* Transformers */,
			);
			path = Network;
			sourceTree = "<group>";
		};
		B2FA8684921A4DF6C084EC43 /* Generated */ = {
			isa = PBXGroup;
			children = (
				B2FA8C8081CA3AE76072B7CB /* PostTransformer.swift */,
				B2FA800E130A8516FAE85E11 /* PostLightTransformer.swift */,
				B2FA87C1FF4033D603F217FC /* UserLightTransformer.swift */,
				B2FA8952D19DFDE64C8D55E9 /* UserTransformer.swift */,
				B2FA8C5817F094BA4B04D6AC /* UserAddressTransformer.swift */,
				B2FA84534DB7DB97709D64A7 /* UserAddressGeoPointLightTransformer.swift */,
				B2FA81AED0579250AA3BBBBA /* UserCompanyTransformer.swift */,
				B2FA874D96896C94DD3FD899 /* UserAddressLightTransformer.swift */,
				B2FA8FA85B91E15035E85A65 /* UserAddressGeoPointTransformer.swift */,
				B2FA8628B95B05FB210BABF0 /* UserCompanyLightTransformer.swift */,
			);
			path = Generated;
			sourceTree = "<group>";
		};
		B2FA88E9498465E9971ECBDC /* Odin */ = {
			isa = PBXGroup;
			children = (
				B2FA8AB2D5F82CDE95F5E777 /* Odin.swift */,
				B2FA858A3D77F6B7C5DBB895 /* DependencyInjectionContainer.swift */,
			);
			path = Odin;
			sourceTree = "<group>";
		};
		B2FA892B06D2CF764F50602D /* UI */ = {
			isa = PBXGroup;
			children = (
				B2FA899D3FCCD09F942067E1 /* Gallery */,
				B2FA87F9B5E313F53D90ABCA /* Easing.swift */,
				B2FA88F670994240D540032B /* Reusable.swift */,
				B2FA81C3C6CFE9B879F44CBF /* ShadowView.swift */,
				B2FA8070910A5471F1C64F29 /* UIColor+Hex.swift */,
				B2FA873002C781AA701C4253 /* UIView+Fade.swift */,
				B2FA852B1C43001C50964B88 /* GradientView.swift */,
				B2FA803636A6075723D28CB5 /* UIImage+Color.swift */,
				B2FA8D0E1B4C307E2B3DEAC9 /* UIImage+Prerender.swift */,
				B2FA8824B5BEBC35BA83FCC4 /* UIView+Screenshot.swift */,
				B2FA81EADC34644BE80F3DC4 /* UIView+Nib.swift */,
				B2FA8CBA874F87DB059F82B6 /* UIStoryboard+Intstantiate.swift */,
				B2FA8320303EF0DB8654A3D2 /* NetworkImageView.swift */,
			);
			path = UI;
			sourceTree = "<group>";
		};
		B2FA893B81A67DBD463303C9 /* Logger */ = {
			isa = PBXGroup;
			children = (
				B2FA8FE3EB784EF09E023861 /* Logger.swift */,
				B2FA84F9B0679E131DCA216E /* NSLogLogger.swift */,
				B2FA8BA2916372FD1C1B622A /* LoggingLevel.swift */,
				B2FA8827F09C732B46B404DE /* ElasticLogger.swift */,
				B2FA8E16DAF6C4EA069392AA /* FilteringLogger.swift */,
				B2FA8489E4C4DDA254CF5F3A /* LoggerConfiguration.swift */,
				B2FA801B3A3421E7A5215206 /* PrintLogger.swift */,
				2DBA18571A6382BC05B1668F /* TaggedLogger.swift */,
				2DBA15D16B07F5B535041B4A /* SimpleTaggedLogger.swift */,
			);
			path = Logger;
			sourceTree = "<group>";
		};
		B2FA8968D141B27388BB5140 /* Sources */ = {
			isa = PBXGroup;
			children = (
				B2FA8B3B443AA0E9D61CE855 /* Common */,
				B2FA8202B8DF9CE3D4886262 /* Dependencies */,
				B2FA839D74C9E0CA0CB15AF4 /* Extensions */,
				B2FA86161EA2A514BF3C8E60 /* Network */,
				B2FA892B06D2CF764F50602D /* UI */,
				B2FA8E657E8046C1DD619A8F /* Templates */,
				B2FA893B81A67DBD463303C9 /* Logger */,
			);
			path = Sources;
			sourceTree = "<group>";
		};
		B2FA898504F1E69BB9458637 /* Serializers */ = {
			isa = PBXGroup;
			children = (
				B2FA8B11307D20C903178300 /* JsonModelHttpSerializer.swift */,
				B2FA89997C8960D3CDBFF0BA /* JsonHttpSerializer.swift */,
				B2FA88ABD9166F294CB557C0 /* UrlEncodedHttpSerializer.swift */,
				B2FA8FCE558D3984B7C03D18 /* HttpSerializer.swift */,
				B2FA89C55BC68D8637A6B6B2 /* DataHttpSerializer.swift */,
				B2FA82C5A9F2428939EB9981 /* VoidHttpSerializer.swift */,
			);
			path = Serializers;
			sourceTree = "<group>";
		};
		B2FA899D3FCCD09F942067E1 /* Gallery */ = {
			isa = PBXGroup;
			children = (
				B2FA89A6C7B0C66FA91C0A3C /* GalleryMedia.swift */,
				B2FA8B4CC7F989C0196CA4B6 /* ZoomTransition.swift */,
				B2FA81309C1D00C1C54500A5 /* GalleryImageViewController.swift */,
				B2FA8B92E4FF28AD37A47198 /* GalleryVideoViewController.swift */,
				B2FA8EC38AC1BAA7D7066674 /* GalleryViewController.swift */,
				B2FA82053D78B81A16709252 /* ZoomTransitionController.swift */,
				B2FA876A1A19B89801D9D040 /* GalleryPreviewCollectionView.swift */,
				B2FA8580A06E74412566C395 /* GalleryPreviewCollectionCell.swift */,
				B2FA8CFC418C8272AD882046 /* GalleryItemViewController.swift */,
				B2FA82507578C9F784D56C78 /* GalleryLightVideoViewController.swift */,
				B2FA80A97914B5B85695241D /* GalleryVideoView.swift */,
				B2FA8348ACC707177A19BFF5 /* GalleryBasePreviewCollectionCell.swift */,
			);
			path = Gallery;
			sourceTree = "<group>";
		};
		B2FA8B3B443AA0E9D61CE855 /* Common */ = {
			isa = PBXGroup;
			children = (
				B2FA8B64D79DCE9D02CB9E4E /* Subscription */,
				B2FA821B587ACD8434FFAA0F /* Action.swift */,
				B2FA8D9E17BD746E31E8C38D /* Arithmetic.swift */,
				44EE86001E92A4BD00E3F6AD /* DeviceInfo.swift */,
				B2FA8343F8CC638295A9178B /* Json.swift */,
				B2FA841D3A1CF42F932BA8A7 /* Random.swift */,
				44EE86021E92A4DC00E3F6AD /* Result.swift */,
				B2FA89D51C66A26B2D105F83 /* StringMatcher.swift */,
			);
			path = Common;
			sourceTree = "<group>";
		};
		B2FA8B567112026815FA64BF /* Network */ = {
			isa = PBXGroup;
			children = (
				B2FA87EEB1A6721B00E69021 /* NetworkCodableTests.swift */,
				B2FA84EF1A00858D8ECBDB41 /* NetworkLightTransformerTests.swift */,
				B2FA8C7BA23DC92203EDB8E0 /* NetworkTransformerTests.swift */,
				B2FA8FFA8D01E28A684145D6 /* NetworkTestCase.swift */,
			);
			path = Network;
			sourceTree = "<group>";
		};
		B2FA8B64D79DCE9D02CB9E4E /* Subscription */ = {
			isa = PBXGroup;
			children = (
				B2FA8915D4F0786B5A29F899 /* Subscription.swift */,
				B2FA8909F5DDE13AF54FEBB3 /* SimpleSubscription.swift */,
			);
			path = Subscription;
			sourceTree = "<group>";
		};
		B2FA8BCEC123DAEBBAFB250A /* ImageLoader */ = {
			isa = PBXGroup;
			children = (
				B2FA8D39F9D55F0D66FEE3F5 /* ImageLoader.swift */,
				B2FA8E3E7D9481DB8601D32A /* HttpImageLoader.swift */,
			);
			path = ImageLoader;
			sourceTree = "<group>";
		};
		B2FA8D5105F18DB075DB3A74 /* Light */ = {
			isa = PBXGroup;
			children = (
				B2FA844184D1B3827C980DB3 /* LightTransformer.swift */,
				B2FA865E04614EEE00078743 /* ArrayLightTransformer.swift */,
				B2FA85586B2FCF3923C037AB /* NumberStringLightTransformer.swift */,
				B2FA8CD442F69CC58B692F6E /* UrlLightTransformer.swift */,
				B2FA89A74F51868729D4A3DE /* VoidLightTransformer.swift */,
				B2FA81162D4B1737884BE158 /* CastLightTransformer.swift */,
				B2FA8C8F891B8EEC67935F9A /* ColorLightTransformer.swift */,
				B2FA851A9B04FA4D133EA879 /* DateLightTransformer.swift */,
				B2FA8D5AEE04AEAAC1E9ADA3 /* TimestampLightTransformer.swift */,
				B2FA8241C5214BD0E693AFBF /* EnumLightTransformer.swift */,
				B2FA8823BB0FC9F4A6D4D21A /* DictionaryLightTransformer.swift */,
				B2FA80ED88407CC95DD21164 /* DecimalLightTransformer.swift */,
			);
			path = Light;
			sourceTree = "<group>";
		};
		B2FA8E657E8046C1DD619A8F /* Templates */ = {
			isa = PBXGroup;
			children = (
				B2FA85FE943584046C622540 /* Transformer.swifttemplate */,
				B2FA8BCEA1534833B2491627 /* LightTransformer.swifttemplate */,
			);
			path = Templates;
			sourceTree = "<group>";
		};
/* End PBXGroup section */

/* Begin PBXHeadersBuildPhase section */
		447729DB1D7B121200D63FE7 /* Headers */ = {
			isa = PBXHeadersBuildPhase;
			buildActionMask = 2147483647;
			files = (
				447729E21D7B121200D63FE7 /* Legacy-iOS.h in Headers */,
				B2FA8F36BE97130A361CF272 /* BridgingHeader.h in Headers */,
			);
			runOnlyForDeploymentPostprocessing = 0;
		};
/* End PBXHeadersBuildPhase section */

/* Begin PBXNativeTarget section */
		447729DD1D7B121200D63FE7 /* Legacy-iOS */ = {
			isa = PBXNativeTarget;
			buildConfigurationList = 447729E61D7B121200D63FE7 /* Build configuration list for PBXNativeTarget "Legacy-iOS" */;
			buildPhases = (
				447729E91D7B13E600D63FE7 /* Swiftlint */,
				447729D91D7B121200D63FE7 /* Sources */,
				447729DA1D7B121200D63FE7 /* Frameworks */,
				447729DB1D7B121200D63FE7 /* Headers */,
				447729DC1D7B121200D63FE7 /* Resources */,
			);
			buildRules = (
			);
			dependencies = (
			);
			name = "Legacy-iOS";
			productName = "Legacy-iOS";
			productReference = 447729DE1D7B121200D63FE7 /* Legacy.framework */;
			productType = "com.apple.product-type.framework";
		};
		44836647205E5D56000C986A /* Legacy-iOSTests */ = {
			isa = PBXNativeTarget;
			buildConfigurationList = 44836652205E5D56000C986A /* Build configuration list for PBXNativeTarget "Legacy-iOSTests" */;
			buildPhases = (
				44836644205E5D56000C986A /* Sources */,
				44836645205E5D56000C986A /* Frameworks */,
				44836646205E5D56000C986A /* Resources */,
			);
			buildRules = (
			);
			dependencies = (
				4483664F205E5D56000C986A /* PBXTargetDependency */,
			);
			name = "Legacy-iOSTests";
			productName = "Legacy-iOSTests";
			productReference = 44836648205E5D56000C986A /* Legacy-iOSTests.xctest */;
			productType = "com.apple.product-type.bundle.unit-test";
		};
/* End PBXNativeTarget section */

/* Begin PBXProject section */
		447729D31D7B0E7B00D63FE7 /* Project object */ = {
			isa = PBXProject;
			attributes = {
				LastSwiftUpdateCheck = 0920;
				LastUpgradeCheck = 0930;
				TargetAttributes = {
					447729DD1D7B121200D63FE7 = {
						CreatedOnToolsVersion = 7.3.1;
						LastSwiftMigration = 1000;
					};
					44836647205E5D56000C986A = {
						CreatedOnToolsVersion = 9.2;
						LastSwiftMigration = 1000;
						ProvisioningStyle = Manual;
					};
				};
			};
			buildConfigurationList = 447729D61D7B0E7B00D63FE7 /* Build configuration list for PBXProject "Legacy" */;
			compatibilityVersion = "Xcode 3.2";
			developmentRegion = English;
			hasScannedForEncodings = 0;
			knownRegions = (
				en,
			);
			mainGroup = 447729D21D7B0E7B00D63FE7;
			productRefGroup = 447729DF1D7B121200D63FE7 /* Products */;
			projectDirPath = "";
			projectRoot = "";
			targets = (
				447729DD1D7B121200D63FE7 /* Legacy-iOS */,
				44836647205E5D56000C986A /* Legacy-iOSTests */,
			);
		};
/* End PBXProject section */

/* Begin PBXResourcesBuildPhase section */
		447729DC1D7B121200D63FE7 /* Resources */ = {
			isa = PBXResourcesBuildPhase;
			buildActionMask = 2147483647;
			files = (
			);
			runOnlyForDeploymentPostprocessing = 0;
		};
		44836646205E5D56000C986A /* Resources */ = {
			isa = PBXResourcesBuildPhase;
			buildActionMask = 2147483647;
			files = (
			);
			runOnlyForDeploymentPostprocessing = 0;
		};
/* End PBXResourcesBuildPhase section */

/* Begin PBXShellScriptBuildPhase section */
		447729E91D7B13E600D63FE7 /* Swiftlint */ = {
			isa = PBXShellScriptBuildPhase;
			buildActionMask = 2147483647;
			files = (
			);
			inputPaths = (
			);
			name = Swiftlint;
			outputPaths = (
			);
			runOnlyForDeploymentPostprocessing = 0;
			shellPath = /bin/sh;
			shellScript = "if which swiftlint >/dev/null; then\n    swiftlint lint --quiet\nelse\n    echo \"warning: SwiftLint not installed, download from https://github.com/realm/SwiftLint\"\nfi\n";
		};
/* End PBXShellScriptBuildPhase section */

/* Begin PBXSourcesBuildPhase section */
		447729D91D7B121200D63FE7 /* Sources */ = {
			isa = PBXSourcesBuildPhase;
			buildActionMask = 2147483647;
			files = (
				B2FA881C68BD2185A05106F2 /* Easing.swift in Sources */,
				B2FA81E8D4447B8F612F5DF1 /* Reusable.swift in Sources */,
				B2FA8491249FFBC37075348E /* ShadowView.swift in Sources */,
				B2FA820DFC803C85E1B0FB9B /* UIColor+Hex.swift in Sources */,
				441D90351DDF70F800B4493B /* RequestAuthorizer.swift in Sources */,
				B2FA86FD29CA06BDD0FBDE80 /* UIView+Fade.swift in Sources */,
				B2FA825EE069F2E9D192DC8E /* GradientView.swift in Sources */,
				B2FA82B06D5A9CF8C759DFC4 /* UIImage+Color.swift in Sources */,
				B2FA8051D9395EC9D5884B35 /* UIImage+Prerender.swift in Sources */,
				B2FA8E2D218194F836DB8CFD /* UIView+Screenshot.swift in Sources */,
				B2FA8E616DD222761559959E /* Json.swift in Sources */,
				B2FA855F1E59C64BA008037F /* Action.swift in Sources */,
				B2FA88EDDAD7499F2169BFA3 /* Random.swift in Sources */,
				B2FA8936FB1C498BA374E613 /* Subscription.swift in Sources */,
				B2FA875B3DC4B7E32A882A4C /* SimpleSubscription.swift in Sources */,
				B2FA849298F5E83473B6F567 /* Arithmetic.swift in Sources */,
				B2FA8A884FCEDDC22A9E1D9B /* StringMatcher.swift in Sources */,
				B2FA8214C9CDA35EC397896A /* Http.swift in Sources */,
				B2FA8EBC887E729D71FA8F24 /* UrlSessionHttp.swift in Sources */,
				B2FA8ECC7F2C060165D143A1 /* ServerTrustPolicy.swift in Sources */,
				B2FA80B81FDB6BFF1D4C9B57 /* RestClient.swift in Sources */,
				B2FA88AF5BBF3EB361C70D03 /* BaseRestClient.swift in Sources */,
				B2FA8F9C0064102A3D025F06 /* ImageLoader.swift in Sources */,
				B2FA885BC0E75AC463949E70 /* HttpImageLoader.swift in Sources */,
				44EE86011E92A4BD00E3F6AD /* DeviceInfo.swift in Sources */,
				44EE86031E92A4DC00E3F6AD /* Result.swift in Sources */,
				B2FA8BA9230D459CBC071B41 /* Odin.swift in Sources */,
				441D90371DDF716A00B4493B /* Optional+With.swift in Sources */,
				B2FA8782A928BC5ED06A1BF4 /* DependencyInjectionContainer.swift in Sources */,
				B2FA80680DD7AA43FC4299B7 /* JsonModelHttpSerializer.swift in Sources */,
				B2FA88BAEAE03162B87FADE4 /* JsonHttpSerializer.swift in Sources */,
				B2FA8C38C49A3FED9B81F68C /* UrlEncodedHttpSerializer.swift in Sources */,
				B2FA8D1F701749F7115F1CC7 /* HttpSerializer.swift in Sources */,
				B2FA8C7B9BF4A8A1E633859A /* DataHttpSerializer.swift in Sources */,
				B2FA831F5630309EED6CF9B9 /* DateFormatter+Format.swift in Sources */,
				B2FA888D573D6DE264B6A1B9 /* GalleryMedia.swift in Sources */,
				B2FA887D64DD88DFEC03AA0A /* ZoomTransition.swift in Sources */,
				B2FA88CA1655CBD56B1B408D /* GalleryImageViewController.swift in Sources */,
				B2FA8E876CAFA839778B5D3B /* GalleryVideoViewController.swift in Sources */,
				B2FA8BDDC62B592A6BB14C6B /* GalleryViewController.swift in Sources */,
				B2FA87F3F19972FA40192A07 /* UrlTransformer.swift in Sources */,
				B2FA8C040A79133CADF6BC58 /* NumberStringTransformer.swift in Sources */,
				B2FA81ACC6E0BCA7D5AB481C /* Transformer.swift in Sources */,
				B2FA8C2CB8B25FE75F462278 /* DateTransformer.swift in Sources */,
				B2FA802B512F23D6E6E9E582 /* ColorTransformer.swift in Sources */,
				B2FA89779BBFE1B071D9E98D /* VoidTransformer.swift in Sources */,
				B2FA8EE725814DEA592BF43F /* CastTransformer.swift in Sources */,
				B2FA844A0C61315760A8B100 /* ArrayTransformer.swift in Sources */,
				B2FA8E0ACB9B69D535F57BD0 /* LightTransformer.swift in Sources */,
				B2FA8C120B12C8A80F30F5B8 /* ArrayLightTransformer.swift in Sources */,
				B2FA87141EAB94B39806AEA4 /* NumberStringLightTransformer.swift in Sources */,
				B2FA857740A73E82F7311C14 /* UrlLightTransformer.swift in Sources */,
				B2FA80DD943B1C1D6DA042BE /* VoidLightTransformer.swift in Sources */,
				B2FA8591D163BDDD0FA6C746 /* CastLightTransformer.swift in Sources */,
				B2FA83CC968A2681DE9F9CE2 /* ColorLightTransformer.swift in Sources */,
				B2FA80AD039954C52079CC11 /* DateLightTransformer.swift in Sources */,
				B2FA890118833BBAAEC499FC /* TimestampLightTransformer.swift in Sources */,
				B2FA8A0DF9FDBCEC216879A5 /* TimestampTransformer.swift in Sources */,
				B2FA8ECF83711F7B35DDAAE5 /* OptionalTransformer.swift in Sources */,
				B2FA85562CFF64F4D74A52D5 /* EnumLightTransformer.swift in Sources */,
				B2FA8E3478A25C6BAFA3C5FC /* DictionaryLightTransformer.swift in Sources */,
				B2FA81C2EE735B2686E1D52F /* DecimalTransformer.swift in Sources */,
				B2FA809E22694CDBBFBE7C70 /* DecimalLightTransformer.swift in Sources */,
				B2FA86C3B5734D06F4BC11DB /* DictionaryTransformer.swift in Sources */,
				B2FA8B6F222B852039B6B89B /* AsIsTransformer.swift in Sources */,
				B2FA86502454995579D98F4B /* LightRestClient.swift in Sources */,
				B2FA86C23785755F31702785 /* FullRestClient.swift in Sources */,
				B2FA8E08DE39C42B829766C6 /* VoidHttpSerializer.swift in Sources */,
				B2FA84383DF883404F451E8B /* Logger.swift in Sources */,
				B2FA857115314515DC2F1BDD /* NSLogLogger.swift in Sources */,
				B2FA8F6E7FDEA6CFC6E56E76 /* LoggingLevel.swift in Sources */,
				B2FA890878316BD05F862FDC /* ElasticLogger.swift in Sources */,
				B2FA8280981995DF5DE4D900 /* FilteringLogger.swift in Sources */,
				B2FA840117CFD6DD677351D1 /* LoggerConfiguration.swift in Sources */,
				B2FA8BA01E3CF8971385D1A5 /* PrintLogger.swift in Sources */,
				B2FA87C9B577EA8A1C2932C2 /* UIView+Nib.swift in Sources */,
				B2FA868FB22061CC005F6113 /* UIStoryboard+Intstantiate.swift in Sources */,
				B2FA8CCA33CDFD85FDA4C4CF /* NetworkClient.swift in Sources */,
				B2FA864B26CB1947F019E23F /* BaseNetworkClient.swift in Sources */,
				B2FA8210D0C8751A449B602A /* CodableRestClient.swift in Sources */,
				2DBA1D8CA7C6E0C769FAEDFF /* TaggedLogger.swift in Sources */,
				2DBA1CBB96282DA5FCEB7C8B /* SimpleTaggedLogger.swift in Sources */,
				B2FA8A8C6D80661DD2D1BBAC /* Hpkp.swift in Sources */,
				B2FA8E0261AD69CC01378F1C /* NetworkImageView.swift in Sources */,
				B2FA887F0A2B1C668680614A /* ZoomTransitionController.swift in Sources */,
				B2FA8ABCF1DBA77D33C69DD3 /* GalleryPreviewCollectionView.swift in Sources */,
				B2FA8579CE768C3821D524C9 /* GalleryPreviewCollectionCell.swift in Sources */,
				B2FA87D5D15BA964ED6C3375 /* GalleryItemViewController.swift in Sources */,
				B2FA88C76428FDAC1DD7D2B1 /* GalleryLightVideoViewController.swift in Sources */,
				B2FA8643BA7ADB62354FCD72 /* GalleryVideoView.swift in Sources */,
				B2FA8AE2F05542CDD5261FF8 /* GalleryBasePreviewCollectionCell.swift in Sources */,
			);
			runOnlyForDeploymentPostprocessing = 0;
		};
		44836644205E5D56000C986A /* Sources */ = {
			isa = PBXSourcesBuildPhase;
			buildActionMask = 2147483647;
			files = (
				4483664B205E5D56000C986A /* DeviceInfoTests.swift in Sources */,
				B2FA88F8CFFB1DE42E1AF232 /* OdinTests.swift in Sources */,
				B2FA821DB00A34EF72523D21 /* EETestCase.swift in Sources */,
				B2FA86F9A510DD223CF78A3C /* PostTransformer.swift in Sources */,
				B2FA82DAF4D6767FEF442055 /* PostLightTransformer.swift in Sources */,
				B2FA807ED3E6C6CAE9146CDB /* Post.swift in Sources */,
				B2FA80BE99FEA726346474EF /* User.swift in Sources */,
				B2FA877EA780BF6E43FF4498 /* UserLightTransformer.swift in Sources */,
				B2FA8A5AC450E6D4B76A17B8 /* UserTransformer.swift in Sources */,
				B2FA8F23130E1EB2B3CB0555 /* UserAddressTransformer.swift in Sources */,
				B2FA8AF9A7B6F8743294BE40 /* UserAddressGeoPointLightTransformer.swift in Sources */,
				B2FA8EBEBBA08CCD5AF2BAC1 /* UserCompanyTransformer.swift in Sources */,
				B2FA848D7E73391678C33352 /* UserAddressLightTransformer.swift in Sources */,
				B2FA8644795BD25290D54AF0 /* UserAddressGeoPointTransformer.swift in Sources */,
				B2FA84632C12FFBC903529C3 /* UserCompanyLightTransformer.swift in Sources */,
				B2FA88E4BB5159D3DA1308BB /* NetworkCodableTests.swift in Sources */,
				B2FA8CF3B40709A884BB20E9 /* NetworkLightTransformerTests.swift in Sources */,
				B2FA85EA2B6961E0E6DE1D79 /* NetworkTransformerTests.swift in Sources */,
				B2FA80417518D90CEF83190E /* NetworkTestCase.swift in Sources */,
			);
			runOnlyForDeploymentPostprocessing = 0;
		};
/* End PBXSourcesBuildPhase section */

/* Begin PBXTargetDependency section */
		4483664F205E5D56000C986A /* PBXTargetDependency */ = {
			isa = PBXTargetDependency;
			target = 447729DD1D7B121200D63FE7 /* Legacy-iOS */;
			targetProxy = 4483664E205E5D56000C986A /* PBXContainerItemProxy */;
		};
/* End PBXTargetDependency section */

/* Begin XCBuildConfiguration section */
		447729D71D7B0E7B00D63FE7 /* Debug */ = {
			isa = XCBuildConfiguration;
			buildSettings = {
				ALWAYS_EMBED_SWIFT_STANDARD_LIBRARIES = NO;
				CLANG_WARN_BLOCK_CAPTURE_AUTORELEASING = YES;
				CLANG_WARN_BOOL_CONVERSION = YES;
				CLANG_WARN_COMMA = YES;
				CLANG_WARN_CONSTANT_CONVERSION = YES;
				CLANG_WARN_DEPRECATED_OBJC_IMPLEMENTATIONS = YES;
				CLANG_WARN_EMPTY_BODY = YES;
				CLANG_WARN_ENUM_CONVERSION = YES;
				CLANG_WARN_INFINITE_RECURSION = YES;
				CLANG_WARN_INT_CONVERSION = YES;
				CLANG_WARN_NON_LITERAL_NULL_CONVERSION = YES;
				CLANG_WARN_OBJC_IMPLICIT_RETAIN_SELF = YES;
				CLANG_WARN_OBJC_LITERAL_CONVERSION = YES;
				CLANG_WARN_RANGE_LOOP_ANALYSIS = YES;
				CLANG_WARN_STRICT_PROTOTYPES = YES;
				CLANG_WARN_SUSPICIOUS_MOVE = YES;
				CLANG_WARN_UNREACHABLE_CODE = YES;
				CLANG_WARN__DUPLICATE_METHOD_MATCH = YES;
				ENABLE_STRICT_OBJC_MSGSEND = YES;
				ENABLE_TESTABILITY = YES;
				GCC_NO_COMMON_BLOCKS = YES;
				GCC_WARN_64_TO_32_BIT_CONVERSION = YES;
				GCC_WARN_ABOUT_RETURN_TYPE = YES;
				GCC_WARN_UNDECLARED_SELECTOR = YES;
				GCC_WARN_UNINITIALIZED_AUTOS = YES;
				GCC_WARN_UNUSED_FUNCTION = YES;
				GCC_WARN_UNUSED_VARIABLE = YES;
				IPHONEOS_DEPLOYMENT_TARGET = 9.0;
				ONLY_ACTIVE_ARCH = YES;
			};
			name = Debug;
		};
		447729D81D7B0E7B00D63FE7 /* Release */ = {
			isa = XCBuildConfiguration;
			buildSettings = {
				ALWAYS_EMBED_SWIFT_STANDARD_LIBRARIES = NO;
				CLANG_WARN_BLOCK_CAPTURE_AUTORELEASING = YES;
				CLANG_WARN_BOOL_CONVERSION = YES;
				CLANG_WARN_COMMA = YES;
				CLANG_WARN_CONSTANT_CONVERSION = YES;
				CLANG_WARN_DEPRECATED_OBJC_IMPLEMENTATIONS = YES;
				CLANG_WARN_EMPTY_BODY = YES;
				CLANG_WARN_ENUM_CONVERSION = YES;
				CLANG_WARN_INFINITE_RECURSION = YES;
				CLANG_WARN_INT_CONVERSION = YES;
				CLANG_WARN_NON_LITERAL_NULL_CONVERSION = YES;
				CLANG_WARN_OBJC_IMPLICIT_RETAIN_SELF = YES;
				CLANG_WARN_OBJC_LITERAL_CONVERSION = YES;
				CLANG_WARN_RANGE_LOOP_ANALYSIS = YES;
				CLANG_WARN_STRICT_PROTOTYPES = YES;
				CLANG_WARN_SUSPICIOUS_MOVE = YES;
				CLANG_WARN_UNREACHABLE_CODE = YES;
				CLANG_WARN__DUPLICATE_METHOD_MATCH = YES;
				ENABLE_STRICT_OBJC_MSGSEND = YES;
				GCC_NO_COMMON_BLOCKS = YES;
				GCC_WARN_64_TO_32_BIT_CONVERSION = YES;
				GCC_WARN_ABOUT_RETURN_TYPE = YES;
				GCC_WARN_UNDECLARED_SELECTOR = YES;
				GCC_WARN_UNINITIALIZED_AUTOS = YES;
				GCC_WARN_UNUSED_FUNCTION = YES;
				GCC_WARN_UNUSED_VARIABLE = YES;
				IPHONEOS_DEPLOYMENT_TARGET = 9.0;
				SWIFT_OPTIMIZATION_LEVEL = "-Owholemodule";
			};
			name = Release;
		};
		447729E41D7B121200D63FE7 /* Debug */ = {
			isa = XCBuildConfiguration;
			buildSettings = {
				ALWAYS_SEARCH_USER_PATHS = NO;
				APPLICATION_EXTENSION_API_ONLY = NO;
				CLANG_ANALYZER_NONNULL = YES;
				CLANG_ENABLE_MODULES = YES;
				CLANG_ENABLE_OBJC_ARC = YES;
				CLANG_WARN_BOOL_CONVERSION = YES;
				CLANG_WARN_CONSTANT_CONVERSION = YES;
				CLANG_WARN_DIRECT_OBJC_ISA_USAGE = YES_ERROR;
				CLANG_WARN_EMPTY_BODY = YES;
				CLANG_WARN_ENUM_CONVERSION = YES;
				CLANG_WARN_INT_CONVERSION = YES;
				CLANG_WARN_OBJC_ROOT_CLASS = YES_ERROR;
				CLANG_WARN_UNREACHABLE_CODE = YES;
				CLANG_WARN__DUPLICATE_METHOD_MATCH = YES;
				"CODE_SIGN_IDENTITY[sdk=iphoneos*]" = "";
				COPY_PHASE_STRIP = NO;
				CURRENT_PROJECT_VERSION = 1;
				DEBUG_INFORMATION_FORMAT = dwarf;
				DEFINES_MODULE = YES;
				DYLIB_COMPATIBILITY_VERSION = 1;
				DYLIB_CURRENT_VERSION = 1;
				DYLIB_INSTALL_NAME_BASE = "@rpath";
				ENABLE_TESTABILITY = YES;
				GCC_NO_COMMON_BLOCKS = YES;
				GCC_OPTIMIZATION_LEVEL = 0;
				GCC_PREPROCESSOR_DEFINITIONS = (
					"DEBUG=1",
					"$(inherited)",
				);
				GCC_WARN_64_TO_32_BIT_CONVERSION = YES;
				GCC_WARN_ABOUT_RETURN_TYPE = YES_ERROR;
				GCC_WARN_UNDECLARED_SELECTOR = YES;
				GCC_WARN_UNINITIALIZED_AUTOS = YES_AGGRESSIVE;
				GCC_WARN_UNUSED_FUNCTION = YES;
				GCC_WARN_UNUSED_VARIABLE = YES;
				INFOPLIST_FILE = "Legacy-iOS/Info.plist";
				INSTALL_PATH = "$(LOCAL_LIBRARY_DIR)/Frameworks";
				IPHONEOS_DEPLOYMENT_TARGET = 9.0;
				LD_RUNPATH_SEARCH_PATHS = "$(inherited) @executable_path/Frameworks @loader_path/Frameworks";
				MTL_ENABLE_DEBUG_INFO = YES;
				ONLY_ACTIVE_ARCH = YES;
				PRODUCT_BUNDLE_IDENTIFIER = "com.eugene.Legacy-iOS";
				PRODUCT_NAME = Legacy;
				SDKROOT = iphoneos;
				SKIP_INSTALL = YES;
				SWIFT_OBJC_BRIDGING_HEADER = "Legacy-iOS/BridgingHeader.h";
				SWIFT_OPTIMIZATION_LEVEL = "-Onone";
				SWIFT_VERSION = 4.2;
				TARGETED_DEVICE_FAMILY = "1,2";
				VERSIONING_SYSTEM = "apple-generic";
				VERSION_INFO_PREFIX = "";
			};
			name = Debug;
		};
		447729E51D7B121200D63FE7 /* Release */ = {
			isa = XCBuildConfiguration;
			buildSettings = {
				ALWAYS_SEARCH_USER_PATHS = NO;
				APPLICATION_EXTENSION_API_ONLY = NO;
				CLANG_ANALYZER_NONNULL = YES;
				CLANG_ENABLE_MODULES = YES;
				CLANG_ENABLE_OBJC_ARC = YES;
				CLANG_WARN_BOOL_CONVERSION = YES;
				CLANG_WARN_CONSTANT_CONVERSION = YES;
				CLANG_WARN_DIRECT_OBJC_ISA_USAGE = YES_ERROR;
				CLANG_WARN_EMPTY_BODY = YES;
				CLANG_WARN_ENUM_CONVERSION = YES;
				CLANG_WARN_INT_CONVERSION = YES;
				CLANG_WARN_OBJC_ROOT_CLASS = YES_ERROR;
				CLANG_WARN_UNREACHABLE_CODE = YES;
				CLANG_WARN__DUPLICATE_METHOD_MATCH = YES;
				"CODE_SIGN_IDENTITY[sdk=iphoneos*]" = "";
				COPY_PHASE_STRIP = NO;
				CURRENT_PROJECT_VERSION = 1;
				DEBUG_INFORMATION_FORMAT = "dwarf-with-dsym";
				DEFINES_MODULE = YES;
				DYLIB_COMPATIBILITY_VERSION = 1;
				DYLIB_CURRENT_VERSION = 1;
				DYLIB_INSTALL_NAME_BASE = "@rpath";
				ENABLE_NS_ASSERTIONS = NO;
				GCC_NO_COMMON_BLOCKS = YES;
				GCC_WARN_64_TO_32_BIT_CONVERSION = YES;
				GCC_WARN_ABOUT_RETURN_TYPE = YES_ERROR;
				GCC_WARN_UNDECLARED_SELECTOR = YES;
				GCC_WARN_UNINITIALIZED_AUTOS = YES_AGGRESSIVE;
				GCC_WARN_UNUSED_FUNCTION = YES;
				GCC_WARN_UNUSED_VARIABLE = YES;
				INFOPLIST_FILE = "Legacy-iOS/Info.plist";
				INSTALL_PATH = "$(LOCAL_LIBRARY_DIR)/Frameworks";
				IPHONEOS_DEPLOYMENT_TARGET = 9.0;
				LD_RUNPATH_SEARCH_PATHS = "$(inherited) @executable_path/Frameworks @loader_path/Frameworks";
				MTL_ENABLE_DEBUG_INFO = NO;
				PRODUCT_BUNDLE_IDENTIFIER = "com.eugene.Legacy-iOS";
				PRODUCT_NAME = Legacy;
				SDKROOT = iphoneos;
				SKIP_INSTALL = YES;
				SWIFT_OBJC_BRIDGING_HEADER = "Legacy-iOS/BridgingHeader.h";
				SWIFT_VERSION = 4.2;
				TARGETED_DEVICE_FAMILY = "1,2";
				VALIDATE_PRODUCT = YES;
				VERSIONING_SYSTEM = "apple-generic";
				VERSION_INFO_PREFIX = "";
			};
			name = Release;
		};
		44836650205E5D56000C986A /* Debug */ = {
			isa = XCBuildConfiguration;
			buildSettings = {
				ALWAYS_SEARCH_USER_PATHS = NO;
				CLANG_ANALYZER_NONNULL = YES;
				CLANG_ANALYZER_NUMBER_OBJECT_CONVERSION = YES_AGGRESSIVE;
				CLANG_ENABLE_MODULES = YES;
				CLANG_ENABLE_OBJC_ARC = YES;
				CLANG_WARN_DIRECT_OBJC_ISA_USAGE = YES_ERROR;
				CLANG_WARN_DOCUMENTATION_COMMENTS = YES;
				CLANG_WARN_OBJC_ROOT_CLASS = YES_ERROR;
				CLANG_WARN_UNGUARDED_AVAILABILITY = YES_AGGRESSIVE;
				CODE_SIGN_IDENTITY = "";
				CODE_SIGN_STYLE = Manual;
				COPY_PHASE_STRIP = NO;
				DEBUG_INFORMATION_FORMAT = dwarf;
				DEVELOPMENT_TEAM = "";
				GCC_C_LANGUAGE_STANDARD = gnu11;
				GCC_DYNAMIC_NO_PIC = NO;
				GCC_OPTIMIZATION_LEVEL = 0;
				GCC_PREPROCESSOR_DEFINITIONS = (
					"DEBUG=1",
					"$(inherited)",
				);
				GCC_WARN_ABOUT_RETURN_TYPE = YES_ERROR;
				GCC_WARN_UNINITIALIZED_AUTOS = YES_AGGRESSIVE;
				INFOPLIST_FILE = "Legacy-iOSTests/Info.plist";
				LD_RUNPATH_SEARCH_PATHS = "$(inherited) @executable_path/Frameworks @loader_path/Frameworks";
				MTL_ENABLE_DEBUG_INFO = YES;
				PRODUCT_BUNDLE_IDENTIFIER = "com.eugeneego.Legacy-iOSTests";
				PRODUCT_NAME = "$(TARGET_NAME)";
				PROVISIONING_PROFILE_SPECIFIER = "";
				SDKROOT = iphoneos;
				SWIFT_ACTIVE_COMPILATION_CONDITIONS = DEBUG;
				SWIFT_OPTIMIZATION_LEVEL = "-Onone";
				SWIFT_VERSION = 4.2;
				TARGETED_DEVICE_FAMILY = "1,2";
			};
			name = Debug;
		};
		44836651205E5D56000C986A /* Release */ = {
			isa = XCBuildConfiguration;
			buildSettings = {
				ALWAYS_SEARCH_USER_PATHS = NO;
				CLANG_ANALYZER_NONNULL = YES;
				CLANG_ANALYZER_NUMBER_OBJECT_CONVERSION = YES_AGGRESSIVE;
				CLANG_ENABLE_MODULES = YES;
				CLANG_ENABLE_OBJC_ARC = YES;
				CLANG_WARN_DIRECT_OBJC_ISA_USAGE = YES_ERROR;
				CLANG_WARN_DOCUMENTATION_COMMENTS = YES;
				CLANG_WARN_OBJC_ROOT_CLASS = YES_ERROR;
				CLANG_WARN_UNGUARDED_AVAILABILITY = YES_AGGRESSIVE;
				CODE_SIGN_IDENTITY = "";
				CODE_SIGN_STYLE = Manual;
				COPY_PHASE_STRIP = NO;
				DEBUG_INFORMATION_FORMAT = "dwarf-with-dsym";
				DEVELOPMENT_TEAM = "";
				ENABLE_NS_ASSERTIONS = NO;
				GCC_C_LANGUAGE_STANDARD = gnu11;
				GCC_WARN_ABOUT_RETURN_TYPE = YES_ERROR;
				GCC_WARN_UNINITIALIZED_AUTOS = YES_AGGRESSIVE;
				INFOPLIST_FILE = "Legacy-iOSTests/Info.plist";
				LD_RUNPATH_SEARCH_PATHS = "$(inherited) @executable_path/Frameworks @loader_path/Frameworks";
				MTL_ENABLE_DEBUG_INFO = NO;
				PRODUCT_BUNDLE_IDENTIFIER = "com.eugeneego.Legacy-iOSTests";
				PRODUCT_NAME = "$(TARGET_NAME)";
				PROVISIONING_PROFILE_SPECIFIER = "";
				SDKROOT = iphoneos;
				SWIFT_VERSION = 4.2;
				TARGETED_DEVICE_FAMILY = "1,2";
				VALIDATE_PRODUCT = YES;
			};
			name = Release;
		};
/* End XCBuildConfiguration section */

/* Begin XCConfigurationList section */
		447729D61D7B0E7B00D63FE7 /* Build configuration list for PBXProject "Legacy" */ = {
			isa = XCConfigurationList;
			buildConfigurations = (
				447729D71D7B0E7B00D63FE7 /* Debug */,
				447729D81D7B0E7B00D63FE7 /* Release */,
			);
			defaultConfigurationIsVisible = 0;
			defaultConfigurationName = Release;
		};
		447729E61D7B121200D63FE7 /* Build configuration list for PBXNativeTarget "Legacy-iOS" */ = {
			isa = XCConfigurationList;
			buildConfigurations = (
				447729E41D7B121200D63FE7 /* Debug */,
				447729E51D7B121200D63FE7 /* Release */,
			);
			defaultConfigurationIsVisible = 0;
			defaultConfigurationName = Release;
		};
		44836652205E5D56000C986A /* Build configuration list for PBXNativeTarget "Legacy-iOSTests" */ = {
			isa = XCConfigurationList;
			buildConfigurations = (
				44836650205E5D56000C986A /* Debug */,
				44836651205E5D56000C986A /* Release */,
			);
			defaultConfigurationIsVisible = 0;
			defaultConfigurationName = Release;
		};
/* End XCConfigurationList section */
	};
	rootObject = 447729D31D7B0E7B00D63FE7 /* Project object */;
}
